
Microsoft Visual Studio Solution File, Format Version 12.00
# Visual Studio Version 17
Project("{2150E333-8FDC-42A3-9474-1A3956D46DE8}") = "CMakePredefinedTargets", "CMakePredefinedTargets", "{AC9DAD6E-42E5-3414-9FC9-EB1BF9313460}"
EndProject
Project("{2150E333-8FDC-42A3-9474-1A3956D46DE8}") = "Libs", "Libs", "{D99B8A30-1103-3E91-ADE9-F19B14404942}"
EndProject
Project("{2150E333-8FDC-42A3-9474-1A3956D46DE8}") = "Resources", "Resources", "{3C0E926D-2AAC-396E-9721-83EED357DD64}"
EndProject
Project("{8BC9CEB8-8B4A-11D0-8D11-00A0C91BC942}") = "ALL_BUILD", "ALL_BUILD.vcxproj", "{681CE81B-6CD7-39AB-A433-7ABA465847DE}"
	ProjectSection(ProjectDependencies) = postProject
		{10715656-4D87-38CC-AD5F-AFE195F59D91} = {10715656-4D87-38CC-AD5F-AFE195F59D91}
		{78F4E6C1-A0D8-3ADE-8CD1-825E80CC2633} = {78F4E6C1-A0D8-3ADE-8CD1-825E80CC2633}
		{F79FDF1C-3697-3637-8048-15F718F20AB0} = {F79FDF1C-3697-3637-8048-15F718F20AB0}
	EndProjectSection
EndProject
Project("{8BC9CEB8-8B4A-11D0-8D11-00A0C91BC942}") = "RUN_TESTS", "RUN_TESTS.vcxproj", "{9A71F831-AA8F-389D-B210-26ABD687CFFF}"
	ProjectSection(ProjectDependencies) = postProject
		{F79FDF1C-3697-3637-8048-15F718F20AB0} = {F79FDF1C-3697-3637-8048-15F718F20AB0}
	EndProjectSection
EndProject
Project("{8BC9CEB8-8B4A-11D0-8D11-00A0C91BC942}") = "SpeckleAddOn", "SpeckleAddOn.vcxproj", "{10715656-4D87-38CC-AD5F-AFE195F59D91}"
	ProjectSection(ProjectDependencies) = postProject
		{78F4E6C1-A0D8-3ADE-8CD1-825E80CC2633} = {78F4E6C1-A0D8-3ADE-8CD1-825E80CC2633}
		{F79FDF1C-3697-3637-8048-15F718F20AB0} = {F79FDF1C-3697-3637-8048-15F718F20AB0}
		{207A83C7-B615-3391-A899-9952FFB6A18A} = {207A83C7-B615-3391-A899-9952FFB6A18A}
		{18C24E83-9FBF-34FE-B040-147023A3CD8F} = {18C24E83-9FBF-34FE-B040-147023A3CD8F}
	EndProjectSection
EndProject
Project("{8BC9CEB8-8B4A-11D0-8D11-00A0C91BC942}") = "SpeckleAddOnResources", "SpeckleAddOnResources.vcxproj", "{78F4E6C1-A0D8-3ADE-8CD1-825E80CC2633}"
	ProjectSection(ProjectDependencies) = postProject
		{F79FDF1C-3697-3637-8048-15F718F20AB0} = {F79FDF1C-3697-3637-8048-15F718F20AB0}
	EndProjectSection
EndProject
Project("{8BC9CEB8-8B4A-11D0-8D11-00A0C91BC942}") = "ZERO_CHECK", "..\..\\ZERO_CHECK.vcxproj", "{F79FDF1C-3697-3637-8048-15F718F20AB0}"
	ProjectSection(ProjectDependencies) = postProject
	EndProjectSection
EndProject
Project("{8BC9CEB8-8B4A-11D0-8D11-00A0C91BC942}") = "json", "..\..\Libs\json\json.vcxproj", "{207A83C7-B615-3391-A899-9952FFB6A18A}"
	ProjectSection(ProjectDependencies) = postProject
		{F79FDF1C-3697-3637-8048-15F718F20AB0} = {F79FDF1C-3697-3637-8048-15F718F20AB0}
	EndProjectSection
EndProject
Project("{8BC9CEB8-8B4A-11D0-8D11-00A0C91BC942}") = "sqlite", "..\..\Libs\sqlite\sqlite.vcxproj", "{18C24E83-9FBF-34FE-B040-147023A3CD8F}"
	ProjectSection(ProjectDependencies) = postProject
		{F79FDF1C-3697-3637-8048-15F718F20AB0} = {F79FDF1C-3697-3637-8048-15F718F20AB0}
	EndProjectSection
EndProject
Global
	GlobalSection(SolutionConfigurationPlatforms) = preSolution
		Debug|x64 = Debug|x64
		Release|x64 = Release|x64
		RelWithDebInfo|x64 = RelWithDebInfo|x64
	EndGlobalSection
	GlobalSection(ProjectConfigurationPlatforms) = postSolution
		{681CE81B-6CD7-39AB-A433-7ABA465847DE}.Debug|x64.ActiveCfg = Debug|x64
		{681CE81B-6CD7-39AB-A433-7ABA465847DE}.Release|x64.ActiveCfg = Release|x64
		{681CE81B-6CD7-39AB-A433-7ABA465847DE}.RelWithDebInfo|x64.ActiveCfg = RelWithDebInfo|x64
		{9A71F831-AA8F-389D-B210-26ABD687CFFF}.Debug|x64.ActiveCfg = Debug|x64
		{9A71F831-AA8F-389D-B210-26ABD687CFFF}.Release|x64.ActiveCfg = Release|x64
		{9A71F831-AA8F-389D-B210-26ABD687CFFF}.RelWithDebInfo|x64.ActiveCfg = RelWithDebInfo|x64
		{10715656-4D87-38CC-AD5F-AFE195F59D91}.Debug|x64.ActiveCfg = Debug|x64
		{10715656-4D87-38CC-AD5F-AFE195F59D91}.Debug|x64.Build.0 = Debug|x64
		{10715656-4D87-38CC-AD5F-AFE195F59D91}.Release|x64.ActiveCfg = Release|x64
		{10715656-4D87-38CC-AD5F-AFE195F59D91}.Release|x64.Build.0 = Release|x64
		{10715656-4D87-38CC-AD5F-AFE195F59D91}.RelWithDebInfo|x64.ActiveCfg = RelWithDebInfo|x64
		{10715656-4D87-38CC-AD5F-AFE195F59D91}.RelWithDebInfo|x64.Build.0 = RelWithDebInfo|x64
		{78F4E6C1-A0D8-3ADE-8CD1-825E80CC2633}.Debug|x64.ActiveCfg = Debug|x64
		{78F4E6C1-A0D8-3ADE-8CD1-825E80CC2633}.Debug|x64.Build.0 = Debug|x64
		{78F4E6C1-A0D8-3ADE-8CD1-825E80CC2633}.Release|x64.ActiveCfg = Release|x64
		{78F4E6C1-A0D8-3ADE-8CD1-825E80CC2633}.Release|x64.Build.0 = Release|x64
		{78F4E6C1-A0D8-3ADE-8CD1-825E80CC2633}.RelWithDebInfo|x64.ActiveCfg = RelWithDebInfo|x64
		{78F4E6C1-A0D8-3ADE-8CD1-825E80CC2633}.RelWithDebInfo|x64.Build.0 = RelWithDebInfo|x64
		{F79FDF1C-3697-3637-8048-15F718F20AB0}.Debug|x64.ActiveCfg = Debug|x64
		{F79FDF1C-3697-3637-8048-15F718F20AB0}.Debug|x64.Build.0 = Debug|x64
		{F79FDF1C-3697-3637-8048-15F718F20AB0}.Release|x64.ActiveCfg = Release|x64
		{F79FDF1C-3697-3637-8048-15F718F20AB0}.Release|x64.Build.0 = Release|x64
		{F79FDF1C-3697-3637-8048-15F718F20AB0}.RelWithDebInfo|x64.ActiveCfg = RelWithDebInfo|x64
		{F79FDF1C-3697-3637-8048-15F718F20AB0}.RelWithDebInfo|x64.Build.0 = RelWithDebInfo|x64
		{207A83C7-B615-3391-A899-9952FFB6A18A}.Debug|x64.ActiveCfg = Debug|x64
		{207A83C7-B615-3391-A899-9952FFB6A18A}.Debug|x64.Build.0 = Debug|x64
		{207A83C7-B615-3391-A899-9952FFB6A18A}.Release|x64.ActiveCfg = Release|x64
		{207A83C7-B615-3391-A899-9952FFB6A18A}.Release|x64.Build.0 = Release|x64
		{207A83C7-B615-3391-A899-9952FFB6A18A}.RelWithDebInfo|x64.ActiveCfg = RelWithDebInfo|x64
		{207A83C7-B615-3391-A899-9952FFB6A18A}.RelWithDebInfo|x64.Build.0 = RelWithDebInfo|x64
		{18C24E83-9FBF-34FE-B040-147023A3CD8F}.Debug|x64.ActiveCfg = Debug|x64
		{18C24E83-9FBF-34FE-B040-147023A3CD8F}.Debug|x64.Build.0 = Debug|x64
		{18C24E83-9FBF-34FE-B040-147023A3CD8F}.Release|x64.ActiveCfg = Release|x64
		{18C24E83-9FBF-34FE-B040-147023A3CD8F}.Release|x64.Build.0 = Release|x64
		{18C24E83-9FBF-34FE-B040-147023A3CD8F}.RelWithDebInfo|x64.ActiveCfg = RelWithDebInfo|x64
		{18C24E83-9FBF-34FE-B040-147023A3CD8F}.RelWithDebInfo|x64.Build.0 = RelWithDebInfo|x64
	EndGlobalSection
	GlobalSection(NestedProjects) = preSolution
		{681CE81B-6CD7-39AB-A433-7ABA465847DE} = {AC9DAD6E-42E5-3414-9FC9-EB1BF9313460}
		{9A71F831-AA8F-389D-B210-26ABD687CFFF} = {AC9DAD6E-42E5-3414-9FC9-EB1BF9313460}
		{F79FDF1C-3697-3637-8048-15F718F20AB0} = {AC9DAD6E-42E5-3414-9FC9-EB1BF9313460}
		{207A83C7-B615-3391-A899-9952FFB6A18A} = {D99B8A30-1103-3E91-ADE9-F19B14404942}
		{18C24E83-9FBF-34FE-B040-147023A3CD8F} = {D99B8A30-1103-3E91-ADE9-F19B14404942}
		{78F4E6C1-A0D8-3ADE-8CD1-825E80CC2633} = {3C0E926D-2AAC-396E-9721-83EED357DD64}
	EndGlobalSection
	GlobalSection(ExtensibilityGlobals) = postSolution
		SolutionGuid = {2EF1DDFE-7E51-3285-BBCD-2EA20428600F}
	EndGlobalSection
	GlobalSection(ExtensibilityAddIns) = postSolution
	EndGlobalSection
EndGlobal
