<?xml version="1.0" encoding="utf-8"?>
<Project ToolsVersion="17.0" xmlns="http://schemas.microsoft.com/developer/msbuild/2003">
  <ItemGroup>
    <ClCompile Include="C:\dev\speckle-archicad\speckle-archicad\AddOns\Speckle\Sources\AddOn\AddOnMain.cpp">
      <Filter>AddOnMain</Filter>
    </ClCompile>
    <ClCompile Include="C:\dev\speckle-archicad\speckle-archicad\AddOns\Speckle\Sources\AddOn\Browser\ArchiCadBrowserAdapter.cpp">
      <Filter>Browser</Filter>
    </ClCompile>
    <ClCompile Include="C:\dev\speckle-archicad\speckle-archicad\AddOns\Speckle\Sources\AddOn\Browser\BrowserPalette.cpp">
      <Filter>Browser</Filter>
    </ClCompile>
    <ClCompile Include="C:\dev\speckle-archicad\speckle-archicad\AddOns\Speckle\Sources\AddOn\Connector\AccountDatabase.cpp">
      <Filter>Connector</Filter>
    </ClCompile>
    <ClCompile Include="C:\dev\speckle-archicad\speckle-archicad\AddOns\Speckle\Sources\AddOn\Connector\Binding.cpp">
      <Filter>Connector</Filter>
    </ClCompile>
    <ClCompile Include="C:\dev\speckle-archicad\speckle-archicad\AddOns\Speckle\Sources\AddOn\Connector\Connector.cpp">
      <Filter>Connector</Filter>
    </ClCompile>
    <ClCompile Include="C:\dev\speckle-archicad\speckle-archicad\AddOns\Speckle\Sources\AddOn\Connector\ModelCardDatabase.cpp">
      <Filter>Connector</Filter>
    </ClCompile>
    <ClCompile Include="C:\dev\speckle-archicad\speckle-archicad\AddOns\Speckle\Sources\AddOn\Connector\RootObjectBuilder.cpp">
      <Filter>Connector</Filter>
    </ClCompile>
    <ClCompile Include="C:\dev\speckle-archicad\speckle-archicad\AddOns\Speckle\Sources\AddOn\Connector\Bridges\AccountBridge.cpp">
      <Filter>Connector\Bridges</Filter>
    </ClCompile>
    <ClCompile Include="C:\dev\speckle-archicad\speckle-archicad\AddOns\Speckle\Sources\AddOn\Connector\Bridges\BaseBridge.cpp">
      <Filter>Connector\Bridges</Filter>
    </ClCompile>
    <ClCompile Include="C:\dev\speckle-archicad\speckle-archicad\AddOns\Speckle\Sources\AddOn\Connector\Bridges\BrowserBridge.cpp">
      <Filter>Connector\Bridges</Filter>
    </ClCompile>
    <ClCompile Include="C:\dev\speckle-archicad\speckle-archicad\AddOns\Speckle\Sources\AddOn\Connector\Bridges\ConfigBridge.cpp">
      <Filter>Connector\Bridges</Filter>
    </ClCompile>
    <ClCompile Include="C:\dev\speckle-archicad\speckle-archicad\AddOns\Speckle\Sources\AddOn\Connector\Bridges\ReceiveBridge.cpp">
      <Filter>Connector\Bridges</Filter>
    </ClCompile>
    <ClCompile Include="C:\dev\speckle-archicad\speckle-archicad\AddOns\Speckle\Sources\AddOn\Connector\Bridges\SelectionBridge.cpp">
      <Filter>Connector\Bridges</Filter>
    </ClCompile>
    <ClCompile Include="C:\dev\speckle-archicad\speckle-archicad\AddOns\Speckle\Sources\AddOn\Connector\Bridges\SendBridge.cpp">
      <Filter>Connector\Bridges</Filter>
    </ClCompile>
    <ClCompile Include="C:\dev\speckle-archicad\speckle-archicad\AddOns\Speckle\Sources\AddOn\Connector\Bridges\TestBridge.cpp">
      <Filter>Connector\Bridges</Filter>
    </ClCompile>
    <ClCompile Include="C:\dev\speckle-archicad\speckle-archicad\AddOns\Speckle\Sources\AddOn\Converter\ARGBColorConverter.cpp">
      <Filter>Converter</Filter>
    </ClCompile>
    <ClCompile Include="C:\dev\speckle-archicad\speckle-archicad\AddOns\Speckle\Sources\AddOn\Converter\ConverterUtils.cpp">
      <Filter>Converter</Filter>
    </ClCompile>
    <ClCompile Include="C:\dev\speckle-archicad\speckle-archicad\AddOns\Speckle\Sources\AddOn\Converter\ElementTypeToStringConverter.cpp">
      <Filter>Converter</Filter>
    </ClCompile>
    <ClCompile Include="C:\dev\speckle-archicad\speckle-archicad\AddOns\Speckle\Sources\AddOn\Converter\ErrorMessages.cpp">
      <Filter>Converter</Filter>
    </ClCompile>
    <ClCompile Include="C:\dev\speckle-archicad\speckle-archicad\AddOns\Speckle\Sources\AddOn\Converter\ProcessWindow.cpp">
      <Filter>Converter</Filter>
    </ClCompile>
    <ClCompile Include="C:\dev\speckle-archicad\speckle-archicad\AddOns\Speckle\Sources\AddOn\Converter\SpeckleToHost\SetSelection.cpp">
      <Filter>Converter\SpeckleToHost</Filter>
    </ClCompile>
    <ClCompile Include="C:\dev\speckle-archicad\speckle-archicad\AddOns\Speckle\Sources\AddOn\Converter\SpeckleToHost\ShowAllIn3D.cpp">
      <Filter>Converter\SpeckleToHost</Filter>
    </ClCompile>
    <ClCompile Include="C:\dev\speckle-archicad\speckle-archicad\AddOns\Speckle\Sources\AddOn\Converter\HostToSpeckle\GetElementBody.cpp">
      <Filter>Converter\HostToSpeckle</Filter>
    </ClCompile>
    <ClCompile Include="C:\dev\speckle-archicad\speckle-archicad\AddOns\Speckle\Sources\AddOn\Converter\HostToSpeckle\GetElementLevel.cpp">
      <Filter>Converter\HostToSpeckle</Filter>
    </ClCompile>
    <ClCompile Include="C:\dev\speckle-archicad\speckle-archicad\AddOns\Speckle\Sources\AddOn\Converter\HostToSpeckle\GetElementType.cpp">
      <Filter>Converter\HostToSpeckle</Filter>
    </ClCompile>
    <ClCompile Include="C:\dev\speckle-archicad\speckle-archicad\AddOns\Speckle\Sources\AddOn\Converter\HostToSpeckle\GetHostAppReleaseInfo.cpp">
      <Filter>Converter\HostToSpeckle</Filter>
    </ClCompile>
    <ClCompile Include="C:\dev\speckle-archicad\speckle-archicad\AddOns\Speckle\Sources\AddOn\Converter\HostToSpeckle\GetModelMaterial.cpp">
      <Filter>Converter\HostToSpeckle</Filter>
    </ClCompile>
    <ClCompile Include="C:\dev\speckle-archicad\speckle-archicad\AddOns\Speckle\Sources\AddOn\Converter\HostToSpeckle\GetProjectInfo.cpp">
      <Filter>Converter\HostToSpeckle</Filter>
    </ClCompile>
    <ClCompile Include="C:\dev\speckle-archicad\speckle-archicad\AddOns\Speckle\Sources\AddOn\Converter\HostToSpeckle\GetSelection.cpp">
      <Filter>Converter\HostToSpeckle</Filter>
    </ClCompile>
    <ClCompile Include="C:\dev\speckle-archicad\speckle-archicad\AddOns\Speckle\Sources\AddOn\DataTypes\ConversionError.cpp">
      <Filter>DataTypes</Filter>
    </ClCompile>
    <ClCompile Include="C:\dev\speckle-archicad\speckle-archicad\AddOns\Speckle\Sources\AddOn\DataTypes\ElementBody.cpp">
      <Filter>DataTypes</Filter>
    </ClCompile>
    <ClCompile Include="C:\dev\speckle-archicad\speckle-archicad\AddOns\Speckle\Sources\AddOn\DataTypes\ElementTypeCollection.cpp">
      <Filter>DataTypes</Filter>
    </ClCompile>
    <ClCompile Include="C:\dev\speckle-archicad\speckle-archicad\AddOns\Speckle\Sources\AddOn\DataTypes\ErrorReport.cpp">
      <Filter>DataTypes</Filter>
    </ClCompile>
    <ClCompile Include="C:\dev\speckle-archicad\speckle-archicad\AddOns\Speckle\Sources\AddOn\DataTypes\Level.cpp">
      <Filter>DataTypes</Filter>
    </ClCompile>
    <ClCompile Include="C:\dev\speckle-archicad\speckle-archicad\AddOns\Speckle\Sources\AddOn\DataTypes\Material.cpp">
      <Filter>DataTypes</Filter>
    </ClCompile>
    <ClCompile Include="C:\dev\speckle-archicad\speckle-archicad\AddOns\Speckle\Sources\AddOn\DataTypes\Mesh.cpp">
      <Filter>DataTypes</Filter>
    </ClCompile>
    <ClCompile Include="C:\dev\speckle-archicad\speckle-archicad\AddOns\Speckle\Sources\AddOn\DataTypes\ModelElement.cpp">
      <Filter>DataTypes</Filter>
    </ClCompile>
    <ClCompile Include="C:\dev\speckle-archicad\speckle-archicad\AddOns\Speckle\Sources\AddOn\DataTypes\ProjectInfo.cpp">
      <Filter>DataTypes</Filter>
    </ClCompile>
    <ClCompile Include="C:\dev\speckle-archicad\speckle-archicad\AddOns\Speckle\Sources\AddOn\DataTypes\RenderMaterialProxy.cpp">
      <Filter>DataTypes</Filter>
    </ClCompile>
    <ClCompile Include="C:\dev\speckle-archicad\speckle-archicad\AddOns\Speckle\Sources\AddOn\DataTypes\RootObject.cpp">
      <Filter>DataTypes</Filter>
    </ClCompile>
    <ClCompile Include="C:\dev\speckle-archicad\speckle-archicad\AddOns\Speckle\Sources\AddOn\DataTypes\SendConversionResult.cpp">
      <Filter>DataTypes</Filter>
    </ClCompile>
    <ClCompile Include="C:\dev\speckle-archicad\speckle-archicad\AddOns\Speckle\Sources\AddOn\DataTypes\SendFilter.cpp">
      <Filter>DataTypes</Filter>
    </ClCompile>
    <ClCompile Include="C:\dev\speckle-archicad\speckle-archicad\AddOns\Speckle\Sources\AddOn\DataTypes\SendModelCard.cpp">
      <Filter>DataTypes</Filter>
    </ClCompile>
    <ClCompile Include="C:\dev\speckle-archicad\speckle-archicad\AddOns\Speckle\Sources\AddOn\DataTypes\SendViaBrowserArgs.cpp">
      <Filter>DataTypes</Filter>
    </ClCompile>
    <ClCompile Include="C:\dev\speckle-archicad\speckle-archicad\AddOns\Speckle\Sources\AddOn\DataTypes\ToastNotification.cpp">
      <Filter>DataTypes</Filter>
    </ClCompile>
    <ClCompile Include="C:\dev\speckle-archicad\speckle-archicad\AddOns\Speckle\Sources\AddOn\Storage\ArchiCadDataStorage.cpp">
      <Filter>Storage</Filter>
    </ClCompile>
    <ClCompile Include="C:\dev\speckle-archicad\speckle-archicad\AddOns\Speckle\Sources\AddOn\Utils\Base64GuidGenerator.cpp">
      <Filter>Utils</Filter>
    </ClCompile>
    <ClCompile Include="C:\dev\speckle-archicad\speckle-archicad\AddOns\Speckle\Sources\AddOn\Utils\Debug.cpp">
      <Filter>Utils</Filter>
    </ClCompile>
    <ClCompile Include="C:\dev\speckle-archicad\speckle-archicad\AddOns\Speckle\Sources\AddOn\Utils\GuidGenerator.cpp">
      <Filter>Utils</Filter>
    </ClCompile>
    <ClCompile Include="C:\dev\speckle-archicad\speckle-archicad\AddOns\Speckle\Sources\AddOn\Utils\ILogger.cpp">
      <Filter>Utils</Filter>
    </ClCompile>
    <ClCompile Include="C:\dev\speckle-archicad\speckle-archicad\AddOns\Speckle\Sources\AddOn\Utils\JsonFileWriter.cpp">
      <Filter>Utils</Filter>
    </ClCompile>
    <ClCompile Include="C:\dev\speckle-archicad\speckle-archicad\AddOns\Speckle\Sources\AddOn\Utils\Logger.cpp">
      <Filter>Utils</Filter>
    </ClCompile>
    <ClCompile Include="C:\dev\speckle-archicad\speckle-archicad\AddOns\Speckle\Sources\AddOn\Utils\LoggerFactory.cpp">
      <Filter>Utils</Filter>
    </ClCompile>
    <ClCompile Include="C:\dev\speckle-archicad\speckle-archicad\AddOns\Speckle\Sources\AddOn\Utils\StopWatch.cpp">
      <Filter>Utils</Filter>
    </ClCompile>
  </ItemGroup>
  <ItemGroup>
    <ClInclude Include="C:\dev\speckle-archicad\speckle-archicad\AddOns\Speckle\Sources\AddOn\APIEnvir.h">
      <Filter>AddOnMain</Filter>
    </ClInclude>
    <ClInclude Include="C:\dev\speckle-archicad\speckle-archicad\AddOns\Speckle\Sources\AddOn\Browser\ArchiCadBrowserAdapter.h">
      <Filter>Browser</Filter>
    </ClInclude>
    <ClInclude Include="C:\dev\speckle-archicad\speckle-archicad\AddOns\Speckle\Sources\AddOn\Browser\BrowserPalette.h">
      <Filter>Browser</Filter>
    </ClInclude>
    <ClInclude Include="C:\dev\speckle-archicad\speckle-archicad\AddOns\Speckle\Sources\AddOn\Browser\IBrowserAdapter.h">
      <Filter>Browser</Filter>
    </ClInclude>
    <ClInclude Include="C:\dev\speckle-archicad\speckle-archicad\AddOns\Speckle\Sources\AddOn\Connector\AccountDatabase.h">
      <Filter>Connector</Filter>
    </ClInclude>
    <ClInclude Include="C:\dev\speckle-archicad\speckle-archicad\AddOns\Speckle\Sources\AddOn\Connector\Binding.h">
      <Filter>Connector</Filter>
    </ClInclude>
    <ClInclude Include="C:\dev\speckle-archicad\speckle-archicad\AddOns\Speckle\Sources\AddOn\Connector\Connector.h">
      <Filter>Connector</Filter>
    </ClInclude>
    <ClInclude Include="C:\dev\speckle-archicad\speckle-archicad\AddOns\Speckle\Sources\AddOn\Connector\Event.h">
      <Filter>Connector</Filter>
    </ClInclude>
    <ClInclude Include="C:\dev\speckle-archicad\speckle-archicad\AddOns\Speckle\Sources\AddOn\Connector\HostAppEvents.h">
      <Filter>Connector</Filter>
    </ClInclude>
    <ClInclude Include="C:\dev\speckle-archicad\speckle-archicad\AddOns\Speckle\Sources\AddOn\Connector\IAccountDatabase.h">
      <Filter>Connector</Filter>
    </ClInclude>
    <ClInclude Include="C:\dev\speckle-archicad\speckle-archicad\AddOns\Speckle\Sources\AddOn\Connector\IModelCardDatabase.h">
      <Filter>Connector</Filter>
    </ClInclude>
    <ClInclude Include="C:\dev\speckle-archicad\speckle-archicad\AddOns\Speckle\Sources\AddOn\Connector\InvalidMethodNameException.h">
      <Filter>Connector</Filter>
    </ClInclude>
    <ClInclude Include="C:\dev\speckle-archicad\speckle-archicad\AddOns\Speckle\Sources\AddOn\Connector\ModelCardDatabase.h">
      <Filter>Connector</Filter>
    </ClInclude>
    <ClInclude Include="C:\dev\speckle-archicad\speckle-archicad\AddOns\Speckle\Sources\AddOn\Connector\RootObjectBuilder.h">
      <Filter>Connector</Filter>
    </ClInclude>
    <ClInclude Include="C:\dev\speckle-archicad\speckle-archicad\AddOns\Speckle\Sources\AddOn\Connector\RunMethodEventArgs.h">
      <Filter>Connector</Filter>
    </ClInclude>
    <ClInclude Include="C:\dev\speckle-archicad\speckle-archicad\AddOns\Speckle\Sources\AddOn\Connector\Bridges\AccountBridge.h">
      <Filter>Connector\Bridges</Filter>
    </ClInclude>
    <ClInclude Include="C:\dev\speckle-archicad\speckle-archicad\AddOns\Speckle\Sources\AddOn\Connector\Bridges\BaseBridge.h">
      <Filter>Connector\Bridges</Filter>
    </ClInclude>
    <ClInclude Include="C:\dev\speckle-archicad\speckle-archicad\AddOns\Speckle\Sources\AddOn\Connector\Bridges\BrowserBridge.h">
      <Filter>Connector\Bridges</Filter>
    </ClInclude>
    <ClInclude Include="C:\dev\speckle-archicad\speckle-archicad\AddOns\Speckle\Sources\AddOn\Connector\Bridges\ConfigBridge.h">
      <Filter>Connector\Bridges</Filter>
    </ClInclude>
    <ClInclude Include="C:\dev\speckle-archicad\speckle-archicad\AddOns\Speckle\Sources\AddOn\Connector\Bridges\ReceiveBridge.h">
      <Filter>Connector\Bridges</Filter>
    </ClInclude>
    <ClInclude Include="C:\dev\speckle-archicad\speckle-archicad\AddOns\Speckle\Sources\AddOn\Connector\Bridges\SelectionBridge.h">
      <Filter>Connector\Bridges</Filter>
    </ClInclude>
    <ClInclude Include="C:\dev\speckle-archicad\speckle-archicad\AddOns\Speckle\Sources\AddOn\Connector\Bridges\SendBridge.h">
      <Filter>Connector\Bridges</Filter>
    </ClInclude>
    <ClInclude Include="C:\dev\speckle-archicad\speckle-archicad\AddOns\Speckle\Sources\AddOn\Connector\Bridges\TestBridge.h">
      <Filter>Connector\Bridges</Filter>
    </ClInclude>
    <ClInclude Include="C:\dev\speckle-archicad\speckle-archicad\AddOns\Speckle\Sources\AddOn\Converter\ARGBColorConverter.h">
      <Filter>Converter</Filter>
    </ClInclude>
    <ClInclude Include="C:\dev\speckle-archicad\speckle-archicad\AddOns\Speckle\Sources\AddOn\Converter\ArchiCadApiException.h">
      <Filter>Converter</Filter>
    </ClInclude>
    <ClInclude Include="C:\dev\speckle-archicad\speckle-archicad\AddOns\Speckle\Sources\AddOn\Converter\CheckError.h">
      <Filter>Converter</Filter>
    </ClInclude>
    <ClInclude Include="C:\dev\speckle-archicad\speckle-archicad\AddOns\Speckle\Sources\AddOn\Converter\ConverterUtils.h">
      <Filter>Converter</Filter>
    </ClInclude>
    <ClInclude Include="C:\dev\speckle-archicad\speckle-archicad\AddOns\Speckle\Sources\AddOn\Converter\ElementTypeToStringConverter.h">
      <Filter>Converter</Filter>
    </ClInclude>
    <ClInclude Include="C:\dev\speckle-archicad\speckle-archicad\AddOns\Speckle\Sources\AddOn\Converter\ErrorMessages.h">
      <Filter>Converter</Filter>
    </ClInclude>
    <ClInclude Include="C:\dev\speckle-archicad\speckle-archicad\AddOns\Speckle\Sources\AddOn\Converter\IProcessWindow.h">
      <Filter>Converter</Filter>
    </ClInclude>
    <ClInclude Include="C:\dev\speckle-archicad\speckle-archicad\AddOns\Speckle\Sources\AddOn\Converter\ProcessWindow.h">
      <Filter>Converter</Filter>
    </ClInclude>
    <ClInclude Include="C:\dev\speckle-archicad\speckle-archicad\AddOns\Speckle\Sources\AddOn\Converter\SpeckleToHost\ISpeckleToHostConverter.h">
      <Filter>Converter\SpeckleToHost</Filter>
    </ClInclude>
    <ClInclude Include="C:\dev\speckle-archicad\speckle-archicad\AddOns\Speckle\Sources\AddOn\Converter\SpeckleToHost\SpeckleToHostConverter.h">
      <Filter>Converter\SpeckleToHost</Filter>
    </ClInclude>
    <ClInclude Include="C:\dev\speckle-archicad\speckle-archicad\AddOns\Speckle\Sources\AddOn\Converter\HostToSpeckle\HostToSpeckleConverter.h">
      <Filter>Converter\HostToSpeckle</Filter>
    </ClInclude>
    <ClInclude Include="C:\dev\speckle-archicad\speckle-archicad\AddOns\Speckle\Sources\AddOn\Converter\HostToSpeckle\IHostToSpeckleConverter.h">
      <Filter>Converter\HostToSpeckle</Filter>
    </ClInclude>
    <ClInclude Include="C:\dev\speckle-archicad\speckle-archicad\AddOns\Speckle\Sources\AddOn\DataTypes\ConversionError.h">
      <Filter>DataTypes</Filter>
    </ClInclude>
    <ClInclude Include="C:\dev\speckle-archicad\speckle-archicad\AddOns\Speckle\Sources\AddOn\DataTypes\ElementBody.h">
      <Filter>DataTypes</Filter>
    </ClInclude>
    <ClInclude Include="C:\dev\speckle-archicad\speckle-archicad\AddOns\Speckle\Sources\AddOn\DataTypes\ElementTypeCollection.h">
      <Filter>DataTypes</Filter>
    </ClInclude>
    <ClInclude Include="C:\dev\speckle-archicad\speckle-archicad\AddOns\Speckle\Sources\AddOn\DataTypes\ElementTypes.h">
      <Filter>DataTypes</Filter>
    </ClInclude>
    <ClInclude Include="C:\dev\speckle-archicad\speckle-archicad\AddOns\Speckle\Sources\AddOn\DataTypes\ErrorReport.h">
      <Filter>DataTypes</Filter>
    </ClInclude>
    <ClInclude Include="C:\dev\speckle-archicad\speckle-archicad\AddOns\Speckle\Sources\AddOn\DataTypes\Level.h">
      <Filter>DataTypes</Filter>
    </ClInclude>
    <ClInclude Include="C:\dev\speckle-archicad\speckle-archicad\AddOns\Speckle\Sources\AddOn\DataTypes\Material.h">
      <Filter>DataTypes</Filter>
    </ClInclude>
    <ClInclude Include="C:\dev\speckle-archicad\speckle-archicad\AddOns\Speckle\Sources\AddOn\DataTypes\Mesh.h">
      <Filter>DataTypes</Filter>
    </ClInclude>
    <ClInclude Include="C:\dev\speckle-archicad\speckle-archicad\AddOns\Speckle\Sources\AddOn\DataTypes\ModelElement.h">
      <Filter>DataTypes</Filter>
    </ClInclude>
    <ClInclude Include="C:\dev\speckle-archicad\speckle-archicad\AddOns\Speckle\Sources\AddOn\DataTypes\ProjectInfo.h">
      <Filter>DataTypes</Filter>
    </ClInclude>
    <ClInclude Include="C:\dev\speckle-archicad\speckle-archicad\AddOns\Speckle\Sources\AddOn\DataTypes\RenderMaterialProxy.h">
      <Filter>DataTypes</Filter>
    </ClInclude>
    <ClInclude Include="C:\dev\speckle-archicad\speckle-archicad\AddOns\Speckle\Sources\AddOn\DataTypes\RootObject.h">
      <Filter>DataTypes</Filter>
    </ClInclude>
    <ClInclude Include="C:\dev\speckle-archicad\speckle-archicad\AddOns\Speckle\Sources\AddOn\DataTypes\SendConversionResult.h">
      <Filter>DataTypes</Filter>
    </ClInclude>
    <ClInclude Include="C:\dev\speckle-archicad\speckle-archicad\AddOns\Speckle\Sources\AddOn\DataTypes\SendFilter.h">
      <Filter>DataTypes</Filter>
    </ClInclude>
    <ClInclude Include="C:\dev\speckle-archicad\speckle-archicad\AddOns\Speckle\Sources\AddOn\DataTypes\SendModelCard.h">
      <Filter>DataTypes</Filter>
    </ClInclude>
    <ClInclude Include="C:\dev\speckle-archicad\speckle-archicad\AddOns\Speckle\Sources\AddOn\DataTypes\SendViaBrowserArgs.h">
      <Filter>DataTypes</Filter>
    </ClInclude>
    <ClInclude Include="C:\dev\speckle-archicad\speckle-archicad\AddOns\Speckle\Sources\AddOn\DataTypes\ToastNotification.h">
      <Filter>DataTypes</Filter>
    </ClInclude>
    <ClInclude Include="C:\dev\speckle-archicad\speckle-archicad\AddOns\Speckle\Sources\AddOn\Storage\ArchiCadDataStorage.h">
      <Filter>Storage</Filter>
    </ClInclude>
    <ClInclude Include="C:\dev\speckle-archicad\speckle-archicad\AddOns\Speckle\Sources\AddOn\Storage\IDataStorage.h">
      <Filter>Storage</Filter>
    </ClInclude>
    <ClInclude Include="C:\dev\speckle-archicad\speckle-archicad\AddOns\Speckle\Sources\AddOn\Utils\Base64GuidGenerator.h">
      <Filter>Utils</Filter>
    </ClInclude>
    <ClInclude Include="C:\dev\speckle-archicad\speckle-archicad\AddOns\Speckle\Sources\AddOn\Utils\Debug.h">
      <Filter>Utils</Filter>
    </ClInclude>
    <ClInclude Include="C:\dev\speckle-archicad\speckle-archicad\AddOns\Speckle\Sources\AddOn\Utils\GuidGenerator.h">
      <Filter>Utils</Filter>
    </ClInclude>
    <ClInclude Include="C:\dev\speckle-archicad\speckle-archicad\AddOns\Speckle\Sources\AddOn\Utils\ILogger.h">
      <Filter>Utils</Filter>
    </ClInclude>
    <ClInclude Include="C:\dev\speckle-archicad\speckle-archicad\AddOns\Speckle\Sources\AddOn\Utils\JsonFileWriter.h">
      <Filter>Utils</Filter>
    </ClInclude>
    <ClInclude Include="C:\dev\speckle-archicad\speckle-archicad\AddOns\Speckle\Sources\AddOn\Utils\Logger.h">
      <Filter>Utils</Filter>
    </ClInclude>
    <ClInclude Include="C:\dev\speckle-archicad\speckle-archicad\AddOns\Speckle\Sources\AddOn\Utils\LoggerFactory.h">
      <Filter>Utils</Filter>
    </ClInclude>
    <ClInclude Include="C:\dev\speckle-archicad\speckle-archicad\AddOns\Speckle\Sources\AddOn\Utils\StopWatch.h">
      <Filter>Utils</Filter>
    </ClInclude>
  </ItemGroup>
  <ItemGroup>
    <CustomBuild Include="C:\dev\speckle-archicad\speckle-archicad\AddOns\Speckle\CMakeLists.txt" />
  </ItemGroup>
  <ItemGroup>
    <Filter Include="AddOnMain">
      <UniqueIdentifier>{16A22A2D-DBC6-333F-B99B-3F1E09B749A6}</UniqueIdentifier>
    </Filter>
    <Filter Include="Browser">
      <UniqueIdentifier>{D97A53DB-D828-39C2-B66B-F22C33B9BE89}</UniqueIdentifier>
    </Filter>
    <Filter Include="Connector">
      <UniqueIdentifier>{07994377-0D4F-3220-9E62-F02C90C08C30}</UniqueIdentifier>
    </Filter>
    <Filter Include="Connector\Bridges">
      <UniqueIdentifier>{5E920DB7-504D-3F74-A2ED-1CFEA2D48BFC}</UniqueIdentifier>
    </Filter>
    <Filter Include="Converter">
      <UniqueIdentifier>{6EC3092D-ECD0-34D6-B1BD-A580CC7D1294}</UniqueIdentifier>
    </Filter>
    <Filter Include="Converter\HostToSpeckle">
      <UniqueIdentifier>{D4B819AD-2066-3E13-BEBE-C7CCC67D29A5}</UniqueIdentifier>
    </Filter>
    <Filter Include="Converter\SpeckleToHost">
      <UniqueIdentifier>{B99BBFAD-A4E2-3101-AE2F-CA5FA73EB91A}</UniqueIdentifier>
    </Filter>
    <Filter Include="DataTypes">
      <UniqueIdentifier>{295E5D82-3FF2-3FAF-8A35-188408FFEE33}</UniqueIdentifier>
    </Filter>
    <Filter Include="Storage">
      <UniqueIdentifier>{9A00F3E6-18AE-31D1-9373-A88056527AD7}</UniqueIdentifier>
    </Filter>
    <Filter Include="Utils">
      <UniqueIdentifier>{F0A2D4EB-F62D-3AFA-8A27-850ED06EAC81}</UniqueIdentifier>
    </Filter>
  </ItemGroup>
</Project>
