
Microsoft Visual Studio Solution File, Format Version 12.00
# Visual Studio Version 17
Project("{2150E333-8FDC-42A3-9474-1A3956D46DE8}") = "CMakePredefinedTargets", "CMakePredefinedTargets", "{2F38C213-7B5C-3C81-96C9-F888FAB64383}"
EndProject
Project("{2150E333-8FDC-42A3-9474-1A3956D46DE8}") = "Libs", "Libs", "{6B005400-D9DF-3AB7-B63B-71533E5537E2}"
EndProject
Project("{8BC9CEB8-8B4A-11D0-8D11-00A0C91BC942}") = "ALL_BUILD", "ALL_BUILD.vcxproj", "{58F8E95B-3C03-3AA5-B9F5-A312BC34C6CB}"
	ProjectSection(ProjectDependencies) = postProject
		{1E5B1CB3-7CD2-35C6-952E-F6C317CFAA44} = {1E5B1CB3-7CD2-35C6-952E-F6C317CFAA44}
		{3C0EDE5C-1055-3457-9DAC-A566C6DAAABF} = {3C0EDE5C-1055-3457-9DAC-A566C6DAAABF}
	EndProjectSection
EndProject
Project("{8BC9CEB8-8B4A-11D0-8D11-00A0C91BC942}") = "RUN_TESTS", "RUN_TESTS.vcxproj", "{AA664F61-5F76-3CCB-8BB3-C717A4291E98}"
	ProjectSection(ProjectDependencies) = postProject
		{1E5B1CB3-7CD2-35C6-952E-F6C317CFAA44} = {1E5B1CB3-7CD2-35C6-952E-F6C317CFAA44}
	EndProjectSection
EndProject
Project("{8BC9CEB8-8B4A-11D0-8D11-00A0C91BC942}") = "ZERO_CHECK", "..\..\\ZERO_CHECK.vcxproj", "{1E5B1CB3-7CD2-35C6-952E-F6C317CFAA44}"
	ProjectSection(ProjectDependencies) = postProject
	EndProjectSection
EndProject
Project("{8BC9CEB8-8B4A-11D0-8D11-00A0C91BC942}") = "spdlog", "spdlog.vcxproj", "{3C0EDE5C-1055-3457-9DAC-A566C6DAAABF}"
	ProjectSection(ProjectDependencies) = postProject
		{1E5B1CB3-7CD2-35C6-952E-F6C317CFAA44} = {1E5B1CB3-7CD2-35C6-952E-F6C317CFAA44}
	EndProjectSection
EndProject
Global
	GlobalSection(SolutionConfigurationPlatforms) = preSolution
		Debug|x64 = Debug|x64
		Release|x64 = Release|x64
		MinSizeRel|x64 = MinSizeRel|x64
		RelWithDebInfo|x64 = RelWithDebInfo|x64
	EndGlobalSection
	GlobalSection(ProjectConfigurationPlatforms) = postSolution
		{58F8E95B-3C03-3AA5-B9F5-A312BC34C6CB}.Debug|x64.ActiveCfg = Debug|x64
		{58F8E95B-3C03-3AA5-B9F5-A312BC34C6CB}.Release|x64.ActiveCfg = Release|x64
		{58F8E95B-3C03-3AA5-B9F5-A312BC34C6CB}.MinSizeRel|x64.ActiveCfg = MinSizeRel|x64
		{58F8E95B-3C03-3AA5-B9F5-A312BC34C6CB}.RelWithDebInfo|x64.ActiveCfg = RelWithDebInfo|x64
		{AA664F61-5F76-3CCB-8BB3-C717A4291E98}.Debug|x64.ActiveCfg = Debug|x64
		{AA664F61-5F76-3CCB-8BB3-C717A4291E98}.Release|x64.ActiveCfg = Release|x64
		{AA664F61-5F76-3CCB-8BB3-C717A4291E98}.MinSizeRel|x64.ActiveCfg = MinSizeRel|x64
		{AA664F61-5F76-3CCB-8BB3-C717A4291E98}.RelWithDebInfo|x64.ActiveCfg = RelWithDebInfo|x64
		{1E5B1CB3-7CD2-35C6-952E-F6C317CFAA44}.Debug|x64.ActiveCfg = Debug|x64
		{1E5B1CB3-7CD2-35C6-952E-F6C317CFAA44}.Debug|x64.Build.0 = Debug|x64
		{1E5B1CB3-7CD2-35C6-952E-F6C317CFAA44}.Release|x64.ActiveCfg = Release|x64
		{1E5B1CB3-7CD2-35C6-952E-F6C317CFAA44}.Release|x64.Build.0 = Release|x64
		{1E5B1CB3-7CD2-35C6-952E-F6C317CFAA44}.MinSizeRel|x64.ActiveCfg = MinSizeRel|x64
		{1E5B1CB3-7CD2-35C6-952E-F6C317CFAA44}.MinSizeRel|x64.Build.0 = MinSizeRel|x64
		{1E5B1CB3-7CD2-35C6-952E-F6C317CFAA44}.RelWithDebInfo|x64.ActiveCfg = RelWithDebInfo|x64
		{1E5B1CB3-7CD2-35C6-952E-F6C317CFAA44}.RelWithDebInfo|x64.Build.0 = RelWithDebInfo|x64
		{3C0EDE5C-1055-3457-9DAC-A566C6DAAABF}.Debug|x64.ActiveCfg = Debug|x64
		{3C0EDE5C-1055-3457-9DAC-A566C6DAAABF}.Debug|x64.Build.0 = Debug|x64
		{3C0EDE5C-1055-3457-9DAC-A566C6DAAABF}.Release|x64.ActiveCfg = Release|x64
		{3C0EDE5C-1055-3457-9DAC-A566C6DAAABF}.Release|x64.Build.0 = Release|x64
		{3C0EDE5C-1055-3457-9DAC-A566C6DAAABF}.MinSizeRel|x64.ActiveCfg = MinSizeRel|x64
		{3C0EDE5C-1055-3457-9DAC-A566C6DAAABF}.MinSizeRel|x64.Build.0 = MinSizeRel|x64
		{3C0EDE5C-1055-3457-9DAC-A566C6DAAABF}.RelWithDebInfo|x64.ActiveCfg = RelWithDebInfo|x64
		{3C0EDE5C-1055-3457-9DAC-A566C6DAAABF}.RelWithDebInfo|x64.Build.0 = RelWithDebInfo|x64
	EndGlobalSection
	GlobalSection(NestedProjects) = preSolution
		{58F8E95B-3C03-3AA5-B9F5-A312BC34C6CB} = {2F38C213-7B5C-3C81-96C9-F888FAB64383}
		{AA664F61-5F76-3CCB-8BB3-C717A4291E98} = {2F38C213-7B5C-3C81-96C9-F888FAB64383}
		{1E5B1CB3-7CD2-35C6-952E-F6C317CFAA44} = {2F38C213-7B5C-3C81-96C9-F888FAB64383}
		{3C0EDE5C-1055-3457-9DAC-A566C6DAAABF} = {6B005400-D9DF-3AB7-B63B-71533E5537E2}
	EndGlobalSection
	GlobalSection(ExtensibilityGlobals) = postSolution
		SolutionGuid = {6097782C-B3C0-3FDC-A608-246F66780D84}
	EndGlobalSection
	GlobalSection(ExtensibilityAddIns) = postSolution
	EndGlobalSection
EndGlobal
