<?xml version="1.0" encoding="utf-8"?>
<Project ToolsVersion="17.0" xmlns="http://schemas.microsoft.com/developer/msbuild/2003">
  <ItemGroup>
    <ClCompile Include="C:\dev\speckle-archicad\speckle-archicad\AddOns\Speckle\Sources\AddOn\AddOnMain.cpp">
      <Filter>AddOnMain</Filter>
    </ClCompile>
    <ClCompile Include="C:\dev\speckle-archicad\speckle-archicad\AddOns\Speckle\Sources\AddOn\Browser\ArchiCadBrowserAdapter.cpp">
      <Filter>Browser</Filter>
    </ClCompile>
    <ClCompile Include="C:\dev\speckle-archicad\speckle-archicad\AddOns\Speckle\Sources\AddOn\Browser\BrowserPalette.cpp">
      <Filter>Browser</Filter>
    </ClCompile>
    <ClCompile Include="C:\dev\speckle-archicad\speckle-archicad\AddOns\Speckle\Sources\AddOn\Connector\AccountDatabase.cpp">
      <Filter>Connector</Filter>
    </ClCompile>
    <ClCompile Include="C:\dev\speckle-archicad\speckle-archicad\AddOns\Speckle\Sources\AddOn\Connector\BaseObjectSerializer.cpp">
      <Filter>Connector</Filter>
    </ClCompile>
    <ClCompile Include="C:\dev\speckle-archicad\speckle-archicad\AddOns\Speckle\Sources\AddOn\Connector\Binding.cpp">
      <Filter>Connector</Filter>
    </ClCompile>
    <ClCompile Include="C:\dev\speckle-archicad\speckle-archicad\AddOns\Speckle\Sources\AddOn\Connector\Connector.cpp">
      <Filter>Connector</Filter>
    </ClCompile>
    <ClCompile Include="C:\dev\speckle-archicad\speckle-archicad\AddOns\Speckle\Sources\AddOn\Connector\HostObjectBuilder.cpp">
      <Filter>Connector</Filter>
    </ClCompile>
    <ClCompile Include="C:\dev\speckle-archicad\speckle-archicad\AddOns\Speckle\Sources\AddOn\Connector\MaterialBaker.cpp">
      <Filter>Connector</Filter>
    </ClCompile>
    <ClCompile Include="C:\dev\speckle-archicad\speckle-archicad\AddOns\Speckle\Sources\AddOn\Connector\ModelCardDatabase.cpp">
      <Filter>Connector</Filter>
    </ClCompile>
    <ClCompile Include="C:\dev\speckle-archicad\speckle-archicad\AddOns\Speckle\Sources\AddOn\Connector\Node.cpp">
      <Filter>Connector</Filter>
    </ClCompile>
    <ClCompile Include="C:\dev\speckle-archicad\speckle-archicad\AddOns\Speckle\Sources\AddOn\Connector\RootObjectBuilder.cpp">
      <Filter>Connector</Filter>
    </ClCompile>
    <ClCompile Include="C:\dev\speckle-archicad\speckle-archicad\AddOns\Speckle\Sources\AddOn\Connector\RootObjectUnpacker.cpp">
      <Filter>Connector</Filter>
    </ClCompile>
    <ClCompile Include="C:\dev\speckle-archicad\speckle-archicad\AddOns\Speckle\Sources\AddOn\Connector\SqliteJsonObjectDatabase.cpp">
      <Filter>Connector</Filter>
    </ClCompile>
    <ClCompile Include="C:\dev\speckle-archicad\speckle-archicad\AddOns\Speckle\Sources\AddOn\Connector\Bridges\AccountBridge.cpp">
      <Filter>Connector\Bridges</Filter>
    </ClCompile>
    <ClCompile Include="C:\dev\speckle-archicad\speckle-archicad\AddOns\Speckle\Sources\AddOn\Connector\Bridges\BaseBridge.cpp">
      <Filter>Connector\Bridges</Filter>
    </ClCompile>
    <ClCompile Include="C:\dev\speckle-archicad\speckle-archicad\AddOns\Speckle\Sources\AddOn\Connector\Bridges\BrowserBridge.cpp">
      <Filter>Connector\Bridges</Filter>
    </ClCompile>
    <ClCompile Include="C:\dev\speckle-archicad\speckle-archicad\AddOns\Speckle\Sources\AddOn\Connector\Bridges\ConfigBridge.cpp">
      <Filter>Connector\Bridges</Filter>
    </ClCompile>
    <ClCompile Include="C:\dev\speckle-archicad\speckle-archicad\AddOns\Speckle\Sources\AddOn\Connector\Bridges\ReceiveBridge.cpp">
      <Filter>Connector\Bridges</Filter>
    </ClCompile>
    <ClCompile Include="C:\dev\speckle-archicad\speckle-archicad\AddOns\Speckle\Sources\AddOn\Connector\Bridges\SelectionBridge.cpp">
      <Filter>Connector\Bridges</Filter>
    </ClCompile>
    <ClCompile Include="C:\dev\speckle-archicad\speckle-archicad\AddOns\Speckle\Sources\AddOn\Connector\Bridges\SendBridge.cpp">
      <Filter>Connector\Bridges</Filter>
    </ClCompile>
    <ClCompile Include="C:\dev\speckle-archicad\speckle-archicad\AddOns\Speckle\Sources\AddOn\Connector\Bridges\TestBridge.cpp">
      <Filter>Connector\Bridges</Filter>
    </ClCompile>
    <ClCompile Include="C:\dev\speckle-archicad\speckle-archicad\AddOns\Speckle\Sources\AddOn\Converter\ARGBColorConverter.cpp">
      <Filter>Converter</Filter>
    </ClCompile>
    <ClCompile Include="C:\dev\speckle-archicad\speckle-archicad\AddOns\Speckle\Sources\AddOn\Converter\ConverterUtils.cpp">
      <Filter>Converter</Filter>
    </ClCompile>
    <ClCompile Include="C:\dev\speckle-archicad\speckle-archicad\AddOns\Speckle\Sources\AddOn\Converter\ElementTypeToStringConverter.cpp">
      <Filter>Converter</Filter>
    </ClCompile>
    <ClCompile Include="C:\dev\speckle-archicad\speckle-archicad\AddOns\Speckle\Sources\AddOn\Converter\ErrorMessages.cpp">
      <Filter>Converter</Filter>
    </ClCompile>
    <ClCompile Include="C:\dev\speckle-archicad\speckle-archicad\AddOns\Speckle\Sources\AddOn\Converter\ProcessWindow.cpp">
      <Filter>Converter</Filter>
    </ClCompile>
    <ClCompile Include="C:\dev\speckle-archicad\speckle-archicad\AddOns\Speckle\Sources\AddOn\Converter\SpeckleToHost\CreateGroup.cpp">
      <Filter>Converter\SpeckleToHost</Filter>
    </ClCompile>
    <ClCompile Include="C:\dev\speckle-archicad\speckle-archicad\AddOns\Speckle\Sources\AddOn\Converter\SpeckleToHost\CreateMaterial.cpp">
      <Filter>Converter\SpeckleToHost</Filter>
    </ClCompile>
    <ClCompile Include="C:\dev\speckle-archicad\speckle-archicad\AddOns\Speckle\Sources\AddOn\Converter\SpeckleToHost\CreateMorph.cpp">
      <Filter>Converter\SpeckleToHost</Filter>
    </ClCompile>
    <ClCompile Include="C:\dev\speckle-archicad\speckle-archicad\AddOns\Speckle\Sources\AddOn\Converter\SpeckleToHost\LibpartBuilder.cpp">
      <Filter>Converter\SpeckleToHost</Filter>
    </ClCompile>
    <ClCompile Include="C:\dev\speckle-archicad\speckle-archicad\AddOns\Speckle\Sources\AddOn\Converter\SpeckleToHost\LibpartPlacer.cpp">
      <Filter>Converter\SpeckleToHost</Filter>
    </ClCompile>
    <ClCompile Include="C:\dev\speckle-archicad\speckle-archicad\AddOns\Speckle\Sources\AddOn\Converter\SpeckleToHost\SetSelection.cpp">
      <Filter>Converter\SpeckleToHost</Filter>
    </ClCompile>
    <ClCompile Include="C:\dev\speckle-archicad\speckle-archicad\AddOns\Speckle\Sources\AddOn\Converter\SpeckleToHost\SetView.cpp">
      <Filter>Converter\SpeckleToHost</Filter>
    </ClCompile>
    <ClCompile Include="C:\dev\speckle-archicad\speckle-archicad\AddOns\Speckle\Sources\AddOn\Converter\SpeckleToHost\ShowAllIn3D.cpp">
      <Filter>Converter\SpeckleToHost</Filter>
    </ClCompile>
    <ClCompile Include="C:\dev\speckle-archicad\speckle-archicad\AddOns\Speckle\Sources\AddOn\Converter\HostToSpeckle\GetApplicationFolder.cpp">
      <Filter>Converter\HostToSpeckle</Filter>
    </ClCompile>
    <ClCompile Include="C:\dev\speckle-archicad\speckle-archicad\AddOns\Speckle\Sources\AddOn\Converter\HostToSpeckle\GetArchicadObject.cpp">
      <Filter>Converter\HostToSpeckle</Filter>
    </ClCompile>
    <ClCompile Include="C:\dev\speckle-archicad\speckle-archicad\AddOns\Speckle\Sources\AddOn\Converter\HostToSpeckle\GetElementBasicProperties.cpp">
      <Filter>Converter\HostToSpeckle</Filter>
    </ClCompile>
    <ClCompile Include="C:\dev\speckle-archicad\speckle-archicad\AddOns\Speckle\Sources\AddOn\Converter\HostToSpeckle\GetElementBody.cpp">
      <Filter>Converter\HostToSpeckle</Filter>
    </ClCompile>
    <ClCompile Include="C:\dev\speckle-archicad\speckle-archicad\AddOns\Speckle\Sources\AddOn\Converter\HostToSpeckle\GetElementChildren.cpp">
      <Filter>Converter\HostToSpeckle</Filter>
    </ClCompile>
    <ClCompile Include="C:\dev\speckle-archicad\speckle-archicad\AddOns\Speckle\Sources\AddOn\Converter\HostToSpeckle\GetElementClassification.cpp">
      <Filter>Converter\HostToSpeckle</Filter>
    </ClCompile>
    <ClCompile Include="C:\dev\speckle-archicad\speckle-archicad\AddOns\Speckle\Sources\AddOn\Converter\HostToSpeckle\GetElementCompositeStructure.cpp">
      <Filter>Converter\HostToSpeckle</Filter>
    </ClCompile>
    <ClCompile Include="C:\dev\speckle-archicad\speckle-archicad\AddOns\Speckle\Sources\AddOn\Converter\HostToSpeckle\GetElementIfcProperties.cpp">
      <Filter>Converter\HostToSpeckle</Filter>
    </ClCompile>
    <ClCompile Include="C:\dev\speckle-archicad\speckle-archicad\AddOns\Speckle\Sources\AddOn\Converter\HostToSpeckle\GetElementLevel.cpp">
      <Filter>Converter\HostToSpeckle</Filter>
    </ClCompile>
    <ClCompile Include="C:\dev\speckle-archicad\speckle-archicad\AddOns\Speckle\Sources\AddOn\Converter\HostToSpeckle\GetElementList.cpp">
      <Filter>Converter\HostToSpeckle</Filter>
    </ClCompile>
    <ClCompile Include="C:\dev\speckle-archicad\speckle-archicad\AddOns\Speckle\Sources\AddOn\Converter\HostToSpeckle\GetElementListAllVisibleIn3D.cpp">
      <Filter>Converter\HostToSpeckle</Filter>
    </ClCompile>
    <ClCompile Include="C:\dev\speckle-archicad\speckle-archicad\AddOns\Speckle\Sources\AddOn\Converter\HostToSpeckle\GetElementMaterialQuantities.cpp">
      <Filter>Converter\HostToSpeckle</Filter>
    </ClCompile>
    <ClCompile Include="C:\dev\speckle-archicad\speckle-archicad\AddOns\Speckle\Sources\AddOn\Converter\HostToSpeckle\GetElementName.cpp">
      <Filter>Converter\HostToSpeckle</Filter>
    </ClCompile>
    <ClCompile Include="C:\dev\speckle-archicad\speckle-archicad\AddOns\Speckle\Sources\AddOn\Converter\HostToSpeckle\GetElementProperties.cpp">
      <Filter>Converter\HostToSpeckle</Filter>
    </ClCompile>
    <ClCompile Include="C:\dev\speckle-archicad\speckle-archicad\AddOns\Speckle\Sources\AddOn\Converter\HostToSpeckle\GetElementType.cpp">
      <Filter>Converter\HostToSpeckle</Filter>
    </ClCompile>
    <ClCompile Include="C:\dev\speckle-archicad\speckle-archicad\AddOns\Speckle\Sources\AddOn\Converter\HostToSpeckle\GetHostAppReleaseInfo.cpp">
      <Filter>Converter\HostToSpeckle</Filter>
    </ClCompile>
    <ClCompile Include="C:\dev\speckle-archicad\speckle-archicad\AddOns\Speckle\Sources\AddOn\Converter\HostToSpeckle\GetLayers.cpp">
      <Filter>Converter\HostToSpeckle</Filter>
    </ClCompile>
    <ClCompile Include="C:\dev\speckle-archicad\speckle-archicad\AddOns\Speckle\Sources\AddOn\Converter\HostToSpeckle\GetModelMaterial.cpp">
      <Filter>Converter\HostToSpeckle</Filter>
    </ClCompile>
    <ClCompile Include="C:\dev\speckle-archicad\speckle-archicad\AddOns\Speckle\Sources\AddOn\Converter\HostToSpeckle\GetNavigatorViews.cpp">
      <Filter>Converter\HostToSpeckle</Filter>
    </ClCompile>
    <ClCompile Include="C:\dev\speckle-archicad\speckle-archicad\AddOns\Speckle\Sources\AddOn\Converter\HostToSpeckle\GetProjectInfo.cpp">
      <Filter>Converter\HostToSpeckle</Filter>
    </ClCompile>
    <ClCompile Include="C:\dev\speckle-archicad\speckle-archicad\AddOns\Speckle\Sources\AddOn\Converter\HostToSpeckle\GetResourceString.cpp">
      <Filter>Converter\HostToSpeckle</Filter>
    </ClCompile>
    <ClCompile Include="C:\dev\speckle-archicad\speckle-archicad\AddOns\Speckle\Sources\AddOn\Converter\HostToSpeckle\GetSelection.cpp">
      <Filter>Converter\HostToSpeckle</Filter>
    </ClCompile>
    <ClCompile Include="C:\dev\speckle-archicad\speckle-archicad\AddOns\Speckle\Sources\AddOn\Converter\HostToSpeckle\GetWorkingUnits.cpp">
      <Filter>Converter\HostToSpeckle</Filter>
    </ClCompile>
    <ClCompile Include="C:\dev\speckle-archicad\speckle-archicad\AddOns\Speckle\Sources\AddOn\Converter\HostToSpeckle\PropertyDefinitions.cpp">
      <Filter>Converter\HostToSpeckle</Filter>
    </ClCompile>
    <ClCompile Include="C:\dev\speckle-archicad\speckle-archicad\AddOns\Speckle\Sources\AddOn\Converter\HostToSpeckle\PropertyFilters.cpp">
      <Filter>Converter\HostToSpeckle</Filter>
    </ClCompile>
    <ClCompile Include="C:\dev\speckle-archicad\speckle-archicad\AddOns\Speckle\Sources\AddOn\DataTypes\AccountsConfig.cpp">
      <Filter>DataTypes</Filter>
    </ClCompile>
    <ClCompile Include="C:\dev\speckle-archicad\speckle-archicad\AddOns\Speckle\Sources\AddOn\DataTypes\AfterSendObjectsArgs.cpp">
      <Filter>DataTypes</Filter>
    </ClCompile>
    <ClCompile Include="C:\dev\speckle-archicad\speckle-archicad\AddOns\Speckle\Sources\AddOn\DataTypes\ArchicadElement.cpp">
      <Filter>DataTypes</Filter>
    </ClCompile>
    <ClCompile Include="C:\dev\speckle-archicad\speckle-archicad\AddOns\Speckle\Sources\AddOn\DataTypes\ArchicadElementTypeFilter.cpp">
      <Filter>DataTypes</Filter>
    </ClCompile>
    <ClCompile Include="C:\dev\speckle-archicad\speckle-archicad\AddOns\Speckle\Sources\AddOn\DataTypes\ArchicadLayerFilter.cpp">
      <Filter>DataTypes</Filter>
    </ClCompile>
    <ClCompile Include="C:\dev\speckle-archicad\speckle-archicad\AddOns\Speckle\Sources\AddOn\DataTypes\ArchicadLevel.cpp">
      <Filter>DataTypes</Filter>
    </ClCompile>
    <ClCompile Include="C:\dev\speckle-archicad\speckle-archicad\AddOns\Speckle\Sources\AddOn\DataTypes\ArchicadMesh.cpp">
      <Filter>DataTypes</Filter>
    </ClCompile>
    <ClCompile Include="C:\dev\speckle-archicad\speckle-archicad\AddOns\Speckle\Sources\AddOn\DataTypes\ArchicadObject.cpp">
      <Filter>DataTypes</Filter>
    </ClCompile>
    <ClCompile Include="C:\dev\speckle-archicad\speckle-archicad\AddOns\Speckle\Sources\AddOn\DataTypes\ArchicadSelectionFilter.cpp">
      <Filter>DataTypes</Filter>
    </ClCompile>
    <ClCompile Include="C:\dev\speckle-archicad\speckle-archicad\AddOns\Speckle\Sources\AddOn\DataTypes\ArchicadViewsFilter.cpp">
      <Filter>DataTypes</Filter>
    </ClCompile>
    <ClCompile Include="C:\dev\speckle-archicad\speckle-archicad\AddOns\Speckle\Sources\AddOn\DataTypes\CategoryData.cpp">
      <Filter>DataTypes</Filter>
    </ClCompile>
    <ClCompile Include="C:\dev\speckle-archicad\speckle-archicad\AddOns\Speckle\Sources\AddOn\DataTypes\ColorProxy.cpp">
      <Filter>DataTypes</Filter>
    </ClCompile>
    <ClCompile Include="C:\dev\speckle-archicad\speckle-archicad\AddOns\Speckle\Sources\AddOn\DataTypes\ConnectorConfig.cpp">
      <Filter>DataTypes</Filter>
    </ClCompile>
    <ClCompile Include="C:\dev\speckle-archicad\speckle-archicad\AddOns\Speckle\Sources\AddOn\DataTypes\ConversionError.cpp">
      <Filter>DataTypes</Filter>
    </ClCompile>
    <ClCompile Include="C:\dev\speckle-archicad\speckle-archicad\AddOns\Speckle\Sources\AddOn\DataTypes\ElementBody.cpp">
      <Filter>DataTypes</Filter>
    </ClCompile>
    <ClCompile Include="C:\dev\speckle-archicad\speckle-archicad\AddOns\Speckle\Sources\AddOn\DataTypes\ElementTypeCollection.cpp">
      <Filter>DataTypes</Filter>
    </ClCompile>
    <ClCompile Include="C:\dev\speckle-archicad\speckle-archicad\AddOns\Speckle\Sources\AddOn\DataTypes\ErrorReport.cpp">
      <Filter>DataTypes</Filter>
    </ClCompile>
    <ClCompile Include="C:\dev\speckle-archicad\speckle-archicad\AddOns\Speckle\Sources\AddOn\DataTypes\HostObjectBuilderResult.cpp">
      <Filter>DataTypes</Filter>
    </ClCompile>
    <ClCompile Include="C:\dev\speckle-archicad\speckle-archicad\AddOns\Speckle\Sources\AddOn\DataTypes\InstanceDefinitionProxy.cpp">
      <Filter>DataTypes</Filter>
    </ClCompile>
    <ClCompile Include="C:\dev\speckle-archicad\speckle-archicad\AddOns\Speckle\Sources\AddOn\DataTypes\InstanceProxy.cpp">
      <Filter>DataTypes</Filter>
    </ClCompile>
    <ClCompile Include="C:\dev\speckle-archicad\speckle-archicad\AddOns\Speckle\Sources\AddOn\DataTypes\LayerData.cpp">
      <Filter>DataTypes</Filter>
    </ClCompile>
    <ClCompile Include="C:\dev\speckle-archicad\speckle-archicad\AddOns\Speckle\Sources\AddOn\DataTypes\Level.cpp">
      <Filter>DataTypes</Filter>
    </ClCompile>
    <ClCompile Include="C:\dev\speckle-archicad\speckle-archicad\AddOns\Speckle\Sources\AddOn\DataTypes\LevelProxy.cpp">
      <Filter>DataTypes</Filter>
    </ClCompile>
    <ClCompile Include="C:\dev\speckle-archicad\speckle-archicad\AddOns\Speckle\Sources\AddOn\DataTypes\Material.cpp">
      <Filter>DataTypes</Filter>
    </ClCompile>
    <ClCompile Include="C:\dev\speckle-archicad\speckle-archicad\AddOns\Speckle\Sources\AddOn\DataTypes\Mesh.cpp">
      <Filter>DataTypes</Filter>
    </ClCompile>
    <ClCompile Include="C:\dev\speckle-archicad\speckle-archicad\AddOns\Speckle\Sources\AddOn\DataTypes\ModelCard.cpp">
      <Filter>DataTypes</Filter>
    </ClCompile>
    <ClCompile Include="C:\dev\speckle-archicad\speckle-archicad\AddOns\Speckle\Sources\AddOn\DataTypes\NavigatorView.cpp">
      <Filter>DataTypes</Filter>
    </ClCompile>
    <ClCompile Include="C:\dev\speckle-archicad\speckle-archicad\AddOns\Speckle\Sources\AddOn\DataTypes\ProjectInfo.cpp">
      <Filter>DataTypes</Filter>
    </ClCompile>
    <ClCompile Include="C:\dev\speckle-archicad\speckle-archicad\AddOns\Speckle\Sources\AddOn\DataTypes\ReceiveConversionResult.cpp">
      <Filter>DataTypes</Filter>
    </ClCompile>
    <ClCompile Include="C:\dev\speckle-archicad\speckle-archicad\AddOns\Speckle\Sources\AddOn\DataTypes\ReceiverModelCard.cpp">
      <Filter>DataTypes</Filter>
    </ClCompile>
    <ClCompile Include="C:\dev\speckle-archicad\speckle-archicad\AddOns\Speckle\Sources\AddOn\DataTypes\RenderMaterialProxy.cpp">
      <Filter>DataTypes</Filter>
    </ClCompile>
    <ClCompile Include="C:\dev\speckle-archicad\speckle-archicad\AddOns\Speckle\Sources\AddOn\DataTypes\RootObject.cpp">
      <Filter>DataTypes</Filter>
    </ClCompile>
    <ClCompile Include="C:\dev\speckle-archicad\speckle-archicad\AddOns\Speckle\Sources\AddOn\DataTypes\SendConversionResult.cpp">
      <Filter>DataTypes</Filter>
    </ClCompile>
    <ClCompile Include="C:\dev\speckle-archicad\speckle-archicad\AddOns\Speckle\Sources\AddOn\DataTypes\SendFilter.cpp">
      <Filter>DataTypes</Filter>
    </ClCompile>
    <ClCompile Include="C:\dev\speckle-archicad\speckle-archicad\AddOns\Speckle\Sources\AddOn\DataTypes\SendSetting.cpp">
      <Filter>DataTypes</Filter>
    </ClCompile>
    <ClCompile Include="C:\dev\speckle-archicad\speckle-archicad\AddOns\Speckle\Sources\AddOn\DataTypes\SendViaBrowserArgs.cpp">
      <Filter>DataTypes</Filter>
    </ClCompile>
    <ClCompile Include="C:\dev\speckle-archicad\speckle-archicad\AddOns\Speckle\Sources\AddOn\DataTypes\SenderModelCard.cpp">
      <Filter>DataTypes</Filter>
    </ClCompile>
    <ClCompile Include="C:\dev\speckle-archicad\speckle-archicad\AddOns\Speckle\Sources\AddOn\DataTypes\ToastNotification.cpp">
      <Filter>DataTypes</Filter>
    </ClCompile>
    <ClCompile Include="C:\dev\speckle-archicad\speckle-archicad\AddOns\Speckle\Sources\AddOn\DataTypes\UnpackedElement.cpp">
      <Filter>DataTypes</Filter>
    </ClCompile>
    <ClCompile Include="C:\dev\speckle-archicad\speckle-archicad\AddOns\Speckle\Sources\AddOn\DataTypes\UnpackedMesh.cpp">
      <Filter>DataTypes</Filter>
    </ClCompile>
    <ClCompile Include="C:\dev\speckle-archicad\speckle-archicad\AddOns\Speckle\Sources\AddOn\DataTypes\UnpackedObject.cpp">
      <Filter>DataTypes</Filter>
    </ClCompile>
    <ClCompile Include="C:\dev\speckle-archicad\speckle-archicad\AddOns\Speckle\Sources\AddOn\DataTypes\WorkingUnits.cpp">
      <Filter>DataTypes</Filter>
    </ClCompile>
    <ClCompile Include="C:\dev\speckle-archicad\speckle-archicad\AddOns\Speckle\Sources\AddOn\DataTypes\WorkspacesConfig.cpp">
      <Filter>DataTypes</Filter>
    </ClCompile>
    <ClCompile Include="C:\dev\speckle-archicad\speckle-archicad\AddOns\Speckle\Sources\AddOn\Storage\ArchiCadDataStorage.cpp">
      <Filter>Storage</Filter>
    </ClCompile>
    <ClCompile Include="C:\dev\speckle-archicad\speckle-archicad\AddOns\Speckle\Sources\AddOn\Utils\Base64GuidGenerator.cpp">
      <Filter>Utils</Filter>
    </ClCompile>
    <ClCompile Include="C:\dev\speckle-archicad\speckle-archicad\AddOns\Speckle\Sources\AddOn\Utils\Debug.cpp">
      <Filter>Utils</Filter>
    </ClCompile>
    <ClCompile Include="C:\dev\speckle-archicad\speckle-archicad\AddOns\Speckle\Sources\AddOn\Utils\GuidGenerator.cpp">
      <Filter>Utils</Filter>
    </ClCompile>
    <ClCompile Include="C:\dev\speckle-archicad\speckle-archicad\AddOns\Speckle\Sources\AddOn\Utils\ILogger.cpp">
      <Filter>Utils</Filter>
    </ClCompile>
    <ClCompile Include="C:\dev\speckle-archicad\speckle-archicad\AddOns\Speckle\Sources\AddOn\Utils\JsonFileWriter.cpp">
      <Filter>Utils</Filter>
    </ClCompile>
    <ClCompile Include="C:\dev\speckle-archicad\speckle-archicad\AddOns\Speckle\Sources\AddOn\Utils\Logger.cpp">
      <Filter>Utils</Filter>
    </ClCompile>
    <ClCompile Include="C:\dev\speckle-archicad\speckle-archicad\AddOns\Speckle\Sources\AddOn\Utils\LoggerFactory.cpp">
      <Filter>Utils</Filter>
    </ClCompile>
    <ClCompile Include="C:\dev\speckle-archicad\speckle-archicad\AddOns\Speckle\Sources\AddOn\Utils\Matrix_44.cpp">
      <Filter>Utils</Filter>
    </ClCompile>
    <ClCompile Include="C:\dev\speckle-archicad\speckle-archicad\AddOns\Speckle\Sources\AddOn\Utils\StopWatch.cpp">
      <Filter>Utils</Filter>
    </ClCompile>
    <ClCompile Include="C:\dev\speckle-archicad\speckle-archicad\AddOns\Speckle\Sources\AddOn\Utils\Units.cpp">
      <Filter>Utils</Filter>
    </ClCompile>
  </ItemGroup>
  <ItemGroup>
    <ClInclude Include="C:\dev\speckle-archicad\speckle-archicad\AddOns\Speckle\Sources\AddOn\APIEnvir.h">
      <Filter>AddOnMain</Filter>
    </ClInclude>
    <ClInclude Include="C:\dev\speckle-archicad\speckle-archicad\AddOns\Speckle\Sources\AddOn\Browser\ArchiCadBrowserAdapter.h">
      <Filter>Browser</Filter>
    </ClInclude>
    <ClInclude Include="C:\dev\speckle-archicad\speckle-archicad\AddOns\Speckle\Sources\AddOn\Browser\BrowserPalette.h">
      <Filter>Browser</Filter>
    </ClInclude>
    <ClInclude Include="C:\dev\speckle-archicad\speckle-archicad\AddOns\Speckle\Sources\AddOn\Browser\IBrowserAdapter.h">
      <Filter>Browser</Filter>
    </ClInclude>
    <ClInclude Include="C:\dev\speckle-archicad\speckle-archicad\AddOns\Speckle\Sources\AddOn\Connector\AccountDatabase.h">
      <Filter>Connector</Filter>
    </ClInclude>
    <ClInclude Include="C:\dev\speckle-archicad\speckle-archicad\AddOns\Speckle\Sources\AddOn\Connector\BaseObjectSerializer.h">
      <Filter>Connector</Filter>
    </ClInclude>
    <ClInclude Include="C:\dev\speckle-archicad\speckle-archicad\AddOns\Speckle\Sources\AddOn\Connector\Binding.h">
      <Filter>Connector</Filter>
    </ClInclude>
    <ClInclude Include="C:\dev\speckle-archicad\speckle-archicad\AddOns\Speckle\Sources\AddOn\Connector\Connector.h">
      <Filter>Connector</Filter>
    </ClInclude>
    <ClInclude Include="C:\dev\speckle-archicad\speckle-archicad\AddOns\Speckle\Sources\AddOn\Connector\Event.h">
      <Filter>Connector</Filter>
    </ClInclude>
    <ClInclude Include="C:\dev\speckle-archicad\speckle-archicad\AddOns\Speckle\Sources\AddOn\Connector\HostAppEvents.h">
      <Filter>Connector</Filter>
    </ClInclude>
    <ClInclude Include="C:\dev\speckle-archicad\speckle-archicad\AddOns\Speckle\Sources\AddOn\Connector\HostObjectBuilder.h">
      <Filter>Connector</Filter>
    </ClInclude>
    <ClInclude Include="C:\dev\speckle-archicad\speckle-archicad\AddOns\Speckle\Sources\AddOn\Connector\IAccountDatabase.h">
      <Filter>Connector</Filter>
    </ClInclude>
    <ClInclude Include="C:\dev\speckle-archicad\speckle-archicad\AddOns\Speckle\Sources\AddOn\Connector\IJsonObjectDatabase.h">
      <Filter>Connector</Filter>
    </ClInclude>
    <ClInclude Include="C:\dev\speckle-archicad\speckle-archicad\AddOns\Speckle\Sources\AddOn\Connector\IModelCardDatabase.h">
      <Filter>Connector</Filter>
    </ClInclude>
    <ClInclude Include="C:\dev\speckle-archicad\speckle-archicad\AddOns\Speckle\Sources\AddOn\Connector\InvalidMethodNameException.h">
      <Filter>Connector</Filter>
    </ClInclude>
    <ClInclude Include="C:\dev\speckle-archicad\speckle-archicad\AddOns\Speckle\Sources\AddOn\Connector\MaterialBaker.h">
      <Filter>Connector</Filter>
    </ClInclude>
    <ClInclude Include="C:\dev\speckle-archicad\speckle-archicad\AddOns\Speckle\Sources\AddOn\Connector\ModelCardDatabase.h">
      <Filter>Connector</Filter>
    </ClInclude>
    <ClInclude Include="C:\dev\speckle-archicad\speckle-archicad\AddOns\Speckle\Sources\AddOn\Connector\Node.h">
      <Filter>Connector</Filter>
    </ClInclude>
    <ClInclude Include="C:\dev\speckle-archicad\speckle-archicad\AddOns\Speckle\Sources\AddOn\Connector\RootObjectBuilder.h">
      <Filter>Connector</Filter>
    </ClInclude>
    <ClInclude Include="C:\dev\speckle-archicad\speckle-archicad\AddOns\Speckle\Sources\AddOn\Connector\RootObjectUnpacker.h">
      <Filter>Connector</Filter>
    </ClInclude>
    <ClInclude Include="C:\dev\speckle-archicad\speckle-archicad\AddOns\Speckle\Sources\AddOn\Connector\RunMethodEventArgs.h">
      <Filter>Connector</Filter>
    </ClInclude>
    <ClInclude Include="C:\dev\speckle-archicad\speckle-archicad\AddOns\Speckle\Sources\AddOn\Connector\SqliteJsonObjectDatabase.h">
      <Filter>Connector</Filter>
    </ClInclude>
    <ClInclude Include="C:\dev\speckle-archicad\speckle-archicad\AddOns\Speckle\Sources\AddOn\Connector\UserCancelledException.h">
      <Filter>Connector</Filter>
    </ClInclude>
    <ClInclude Include="C:\dev\speckle-archicad\speckle-archicad\AddOns\Speckle\Sources\AddOn\Connector\Bridges\AccountBridge.h">
      <Filter>Connector\Bridges</Filter>
    </ClInclude>
    <ClInclude Include="C:\dev\speckle-archicad\speckle-archicad\AddOns\Speckle\Sources\AddOn\Connector\Bridges\BaseBridge.h">
      <Filter>Connector\Bridges</Filter>
    </ClInclude>
    <ClInclude Include="C:\dev\speckle-archicad\speckle-archicad\AddOns\Speckle\Sources\AddOn\Connector\Bridges\BrowserBridge.h">
      <Filter>Connector\Bridges</Filter>
    </ClInclude>
    <ClInclude Include="C:\dev\speckle-archicad\speckle-archicad\AddOns\Speckle\Sources\AddOn\Connector\Bridges\ConfigBridge.h">
      <Filter>Connector\Bridges</Filter>
    </ClInclude>
    <ClInclude Include="C:\dev\speckle-archicad\speckle-archicad\AddOns\Speckle\Sources\AddOn\Connector\Bridges\IBridge.h">
      <Filter>Connector\Bridges</Filter>
    </ClInclude>
    <ClInclude Include="C:\dev\speckle-archicad\speckle-archicad\AddOns\Speckle\Sources\AddOn\Connector\Bridges\ReceiveBridge.h">
      <Filter>Connector\Bridges</Filter>
    </ClInclude>
    <ClInclude Include="C:\dev\speckle-archicad\speckle-archicad\AddOns\Speckle\Sources\AddOn\Connector\Bridges\SelectionBridge.h">
      <Filter>Connector\Bridges</Filter>
    </ClInclude>
    <ClInclude Include="C:\dev\speckle-archicad\speckle-archicad\AddOns\Speckle\Sources\AddOn\Connector\Bridges\SendBridge.h">
      <Filter>Connector\Bridges</Filter>
    </ClInclude>
    <ClInclude Include="C:\dev\speckle-archicad\speckle-archicad\AddOns\Speckle\Sources\AddOn\Connector\Bridges\TestBridge.h">
      <Filter>Connector\Bridges</Filter>
    </ClInclude>
    <ClInclude Include="C:\dev\speckle-archicad\speckle-archicad\AddOns\Speckle\Sources\AddOn\Converter\ARGBColorConverter.h">
      <Filter>Converter</Filter>
    </ClInclude>
    <ClInclude Include="C:\dev\speckle-archicad\speckle-archicad\AddOns\Speckle\Sources\AddOn\Converter\ArchiCadApiException.h">
      <Filter>Converter</Filter>
    </ClInclude>
    <ClInclude Include="C:\dev\speckle-archicad\speckle-archicad\AddOns\Speckle\Sources\AddOn\Converter\CheckError.h">
      <Filter>Converter</Filter>
    </ClInclude>
    <ClInclude Include="C:\dev\speckle-archicad\speckle-archicad\AddOns\Speckle\Sources\AddOn\Converter\ConverterUtils.h">
      <Filter>Converter</Filter>
    </ClInclude>
    <ClInclude Include="C:\dev\speckle-archicad\speckle-archicad\AddOns\Speckle\Sources\AddOn\Converter\ElementTypeToStringConverter.h">
      <Filter>Converter</Filter>
    </ClInclude>
    <ClInclude Include="C:\dev\speckle-archicad\speckle-archicad\AddOns\Speckle\Sources\AddOn\Converter\ErrorMessages.h">
      <Filter>Converter</Filter>
    </ClInclude>
    <ClInclude Include="C:\dev\speckle-archicad\speckle-archicad\AddOns\Speckle\Sources\AddOn\Converter\IProcessWindow.h">
      <Filter>Converter</Filter>
    </ClInclude>
    <ClInclude Include="C:\dev\speckle-archicad\speckle-archicad\AddOns\Speckle\Sources\AddOn\Converter\ProcessWindow.h">
      <Filter>Converter</Filter>
    </ClInclude>
    <ClInclude Include="C:\dev\speckle-archicad\speckle-archicad\AddOns\Speckle\Sources\AddOn\Converter\SpeckleConversionException.h">
      <Filter>Converter</Filter>
    </ClInclude>
    <ClInclude Include="C:\dev\speckle-archicad\speckle-archicad\AddOns\Speckle\Sources\AddOn\Converter\SpeckleToHost\ISpeckleToHostConverter.h">
      <Filter>Converter\SpeckleToHost</Filter>
    </ClInclude>
    <ClInclude Include="C:\dev\speckle-archicad\speckle-archicad\AddOns\Speckle\Sources\AddOn\Converter\SpeckleToHost\LibpartBuilder.h">
      <Filter>Converter\SpeckleToHost</Filter>
    </ClInclude>
    <ClInclude Include="C:\dev\speckle-archicad\speckle-archicad\AddOns\Speckle\Sources\AddOn\Converter\SpeckleToHost\LibpartPlacer.h">
      <Filter>Converter\SpeckleToHost</Filter>
    </ClInclude>
    <ClInclude Include="C:\dev\speckle-archicad\speckle-archicad\AddOns\Speckle\Sources\AddOn\Converter\SpeckleToHost\SpeckleToHostConverter.h">
      <Filter>Converter\SpeckleToHost</Filter>
    </ClInclude>
    <ClInclude Include="C:\dev\speckle-archicad\speckle-archicad\AddOns\Speckle\Sources\AddOn\Converter\HostToSpeckle\HostToSpeckleConverter.h">
      <Filter>Converter\HostToSpeckle</Filter>
    </ClInclude>
    <ClInclude Include="C:\dev\speckle-archicad\speckle-archicad\AddOns\Speckle\Sources\AddOn\Converter\HostToSpeckle\IHostToSpeckleConverter.h">
      <Filter>Converter\HostToSpeckle</Filter>
    </ClInclude>
    <ClInclude Include="C:\dev\speckle-archicad\speckle-archicad\AddOns\Speckle\Sources\AddOn\Converter\HostToSpeckle\PropertyDefinitions.h">
      <Filter>Converter\HostToSpeckle</Filter>
    </ClInclude>
    <ClInclude Include="C:\dev\speckle-archicad\speckle-archicad\AddOns\Speckle\Sources\AddOn\Converter\HostToSpeckle\PropertyFilters.h">
      <Filter>Converter\HostToSpeckle</Filter>
    </ClInclude>
    <ClInclude Include="C:\dev\speckle-archicad\speckle-archicad\AddOns\Speckle\Sources\AddOn\DataTypes\AccountsConfig.h">
      <Filter>DataTypes</Filter>
    </ClInclude>
    <ClInclude Include="C:\dev\speckle-archicad\speckle-archicad\AddOns\Speckle\Sources\AddOn\DataTypes\AfterSendObjectsArgs.h">
      <Filter>DataTypes</Filter>
    </ClInclude>
    <ClInclude Include="C:\dev\speckle-archicad\speckle-archicad\AddOns\Speckle\Sources\AddOn\DataTypes\ArchicadElement.h">
      <Filter>DataTypes</Filter>
    </ClInclude>
    <ClInclude Include="C:\dev\speckle-archicad\speckle-archicad\AddOns\Speckle\Sources\AddOn\DataTypes\ArchicadElementTypeFilter.h">
      <Filter>DataTypes</Filter>
    </ClInclude>
    <ClInclude Include="C:\dev\speckle-archicad\speckle-archicad\AddOns\Speckle\Sources\AddOn\DataTypes\ArchicadLayerFilter.h">
      <Filter>DataTypes</Filter>
    </ClInclude>
    <ClInclude Include="C:\dev\speckle-archicad\speckle-archicad\AddOns\Speckle\Sources\AddOn\DataTypes\ArchicadLevel.h">
      <Filter>DataTypes</Filter>
    </ClInclude>
    <ClInclude Include="C:\dev\speckle-archicad\speckle-archicad\AddOns\Speckle\Sources\AddOn\DataTypes\ArchicadMesh.h">
      <Filter>DataTypes</Filter>
    </ClInclude>
    <ClInclude Include="C:\dev\speckle-archicad\speckle-archicad\AddOns\Speckle\Sources\AddOn\DataTypes\ArchicadObject.h">
      <Filter>DataTypes</Filter>
    </ClInclude>
    <ClInclude Include="C:\dev\speckle-archicad\speckle-archicad\AddOns\Speckle\Sources\AddOn\DataTypes\ArchicadSelectionFilter.h">
      <Filter>DataTypes</Filter>
    </ClInclude>
    <ClInclude Include="C:\dev\speckle-archicad\speckle-archicad\AddOns\Speckle\Sources\AddOn\DataTypes\ArchicadViewsFilter.h">
      <Filter>DataTypes</Filter>
    </ClInclude>
    <ClInclude Include="C:\dev\speckle-archicad\speckle-archicad\AddOns\Speckle\Sources\AddOn\DataTypes\CategoryData.h">
      <Filter>DataTypes</Filter>
    </ClInclude>
    <ClInclude Include="C:\dev\speckle-archicad\speckle-archicad\AddOns\Speckle\Sources\AddOn\DataTypes\ColorProxy.h">
      <Filter>DataTypes</Filter>
    </ClInclude>
    <ClInclude Include="C:\dev\speckle-archicad\speckle-archicad\AddOns\Speckle\Sources\AddOn\DataTypes\ConnectorConfig.h">
      <Filter>DataTypes</Filter>
    </ClInclude>
    <ClInclude Include="C:\dev\speckle-archicad\speckle-archicad\AddOns\Speckle\Sources\AddOn\DataTypes\ConversionError.h">
      <Filter>DataTypes</Filter>
    </ClInclude>
    <ClInclude Include="C:\dev\speckle-archicad\speckle-archicad\AddOns\Speckle\Sources\AddOn\DataTypes\EConversionResultStatus.h">
      <Filter>DataTypes</Filter>
    </ClInclude>
    <ClInclude Include="C:\dev\speckle-archicad\speckle-archicad\AddOns\Speckle\Sources\AddOn\DataTypes\ElementBody.h">
      <Filter>DataTypes</Filter>
    </ClInclude>
    <ClInclude Include="C:\dev\speckle-archicad\speckle-archicad\AddOns\Speckle\Sources\AddOn\DataTypes\ElementTypeCollection.h">
      <Filter>DataTypes</Filter>
    </ClInclude>
    <ClInclude Include="C:\dev\speckle-archicad\speckle-archicad\AddOns\Speckle\Sources\AddOn\DataTypes\ElementTypes.h">
      <Filter>DataTypes</Filter>
    </ClInclude>
    <ClInclude Include="C:\dev\speckle-archicad\speckle-archicad\AddOns\Speckle\Sources\AddOn\DataTypes\ErrorReport.h">
      <Filter>DataTypes</Filter>
    </ClInclude>
    <ClInclude Include="C:\dev\speckle-archicad\speckle-archicad\AddOns\Speckle\Sources\AddOn\DataTypes\FaceVertex.h">
      <Filter>DataTypes</Filter>
    </ClInclude>
    <ClInclude Include="C:\dev\speckle-archicad\speckle-archicad\AddOns\Speckle\Sources\AddOn\DataTypes\HostObjectBuilderResult.h">
      <Filter>DataTypes</Filter>
    </ClInclude>
    <ClInclude Include="C:\dev\speckle-archicad\speckle-archicad\AddOns\Speckle\Sources\AddOn\DataTypes\InstanceDefinitionProxy.h">
      <Filter>DataTypes</Filter>
    </ClInclude>
    <ClInclude Include="C:\dev\speckle-archicad\speckle-archicad\AddOns\Speckle\Sources\AddOn\DataTypes\InstanceProxy.h">
      <Filter>DataTypes</Filter>
    </ClInclude>
    <ClInclude Include="C:\dev\speckle-archicad\speckle-archicad\AddOns\Speckle\Sources\AddOn\DataTypes\LayerData.h">
      <Filter>DataTypes</Filter>
    </ClInclude>
    <ClInclude Include="C:\dev\speckle-archicad\speckle-archicad\AddOns\Speckle\Sources\AddOn\DataTypes\Level.h">
      <Filter>DataTypes</Filter>
    </ClInclude>
    <ClInclude Include="C:\dev\speckle-archicad\speckle-archicad\AddOns\Speckle\Sources\AddOn\DataTypes\LevelProxy.h">
      <Filter>DataTypes</Filter>
    </ClInclude>
    <ClInclude Include="C:\dev\speckle-archicad\speckle-archicad\AddOns\Speckle\Sources\AddOn\DataTypes\Material.h">
      <Filter>DataTypes</Filter>
    </ClInclude>
    <ClInclude Include="C:\dev\speckle-archicad\speckle-archicad\AddOns\Speckle\Sources\AddOn\DataTypes\Mesh.h">
      <Filter>DataTypes</Filter>
    </ClInclude>
    <ClInclude Include="C:\dev\speckle-archicad\speckle-archicad\AddOns\Speckle\Sources\AddOn\DataTypes\MeshFace.h">
      <Filter>DataTypes</Filter>
    </ClInclude>
    <ClInclude Include="C:\dev\speckle-archicad\speckle-archicad\AddOns\Speckle\Sources\AddOn\DataTypes\ModelCard.h">
      <Filter>DataTypes</Filter>
    </ClInclude>
    <ClInclude Include="C:\dev\speckle-archicad\speckle-archicad\AddOns\Speckle\Sources\AddOn\DataTypes\NavigatorView.h">
      <Filter>DataTypes</Filter>
    </ClInclude>
    <ClInclude Include="C:\dev\speckle-archicad\speckle-archicad\AddOns\Speckle\Sources\AddOn\DataTypes\ProjectInfo.h">
      <Filter>DataTypes</Filter>
    </ClInclude>
    <ClInclude Include="C:\dev\speckle-archicad\speckle-archicad\AddOns\Speckle\Sources\AddOn\DataTypes\ReceiveConversionResult.h">
      <Filter>DataTypes</Filter>
    </ClInclude>
    <ClInclude Include="C:\dev\speckle-archicad\speckle-archicad\AddOns\Speckle\Sources\AddOn\DataTypes\ReceiverModelCard.h">
      <Filter>DataTypes</Filter>
    </ClInclude>
    <ClInclude Include="C:\dev\speckle-archicad\speckle-archicad\AddOns\Speckle\Sources\AddOn\DataTypes\RenderMaterialProxy.h">
      <Filter>DataTypes</Filter>
    </ClInclude>
    <ClInclude Include="C:\dev\speckle-archicad\speckle-archicad\AddOns\Speckle\Sources\AddOn\DataTypes\RootObject.h">
      <Filter>DataTypes</Filter>
    </ClInclude>
    <ClInclude Include="C:\dev\speckle-archicad\speckle-archicad\AddOns\Speckle\Sources\AddOn\DataTypes\SendConversionResult.h">
      <Filter>DataTypes</Filter>
    </ClInclude>
    <ClInclude Include="C:\dev\speckle-archicad\speckle-archicad\AddOns\Speckle\Sources\AddOn\DataTypes\SendFilter.h">
      <Filter>DataTypes</Filter>
    </ClInclude>
    <ClInclude Include="C:\dev\speckle-archicad\speckle-archicad\AddOns\Speckle\Sources\AddOn\DataTypes\SendSetting.h">
      <Filter>DataTypes</Filter>
    </ClInclude>
    <ClInclude Include="C:\dev\speckle-archicad\speckle-archicad\AddOns\Speckle\Sources\AddOn\DataTypes\SendViaBrowserArgs.h">
      <Filter>DataTypes</Filter>
    </ClInclude>
    <ClInclude Include="C:\dev\speckle-archicad\speckle-archicad\AddOns\Speckle\Sources\AddOn\DataTypes\SenderModelCard.h">
      <Filter>DataTypes</Filter>
    </ClInclude>
    <ClInclude Include="C:\dev\speckle-archicad\speckle-archicad\AddOns\Speckle\Sources\AddOn\DataTypes\ToastNotification.h">
      <Filter>DataTypes</Filter>
    </ClInclude>
    <ClInclude Include="C:\dev\speckle-archicad\speckle-archicad\AddOns\Speckle\Sources\AddOn\DataTypes\UnpackedElement.h">
      <Filter>DataTypes</Filter>
    </ClInclude>
    <ClInclude Include="C:\dev\speckle-archicad\speckle-archicad\AddOns\Speckle\Sources\AddOn\DataTypes\UnpackedMesh.h">
      <Filter>DataTypes</Filter>
    </ClInclude>
    <ClInclude Include="C:\dev\speckle-archicad\speckle-archicad\AddOns\Speckle\Sources\AddOn\DataTypes\UnpackedObject.h">
      <Filter>DataTypes</Filter>
    </ClInclude>
    <ClInclude Include="C:\dev\speckle-archicad\speckle-archicad\AddOns\Speckle\Sources\AddOn\DataTypes\WorkingUnits.h">
      <Filter>DataTypes</Filter>
    </ClInclude>
    <ClInclude Include="C:\dev\speckle-archicad\speckle-archicad\AddOns\Speckle\Sources\AddOn\DataTypes\WorkspacesConfig.h">
      <Filter>DataTypes</Filter>
    </ClInclude>
    <ClInclude Include="C:\dev\speckle-archicad\speckle-archicad\AddOns\Speckle\Sources\AddOn\Storage\ArchiCadDataStorage.h">
      <Filter>Storage</Filter>
    </ClInclude>
    <ClInclude Include="C:\dev\speckle-archicad\speckle-archicad\AddOns\Speckle\Sources\AddOn\Storage\IDataStorage.h">
      <Filter>Storage</Filter>
    </ClInclude>
    <ClInclude Include="C:\dev\speckle-archicad\speckle-archicad\AddOns\Speckle\Sources\AddOn\Utils\Base64GuidGenerator.h">
      <Filter>Utils</Filter>
    </ClInclude>
    <ClInclude Include="C:\dev\speckle-archicad\speckle-archicad\AddOns\Speckle\Sources\AddOn\Utils\Debug.h">
      <Filter>Utils</Filter>
    </ClInclude>
    <ClInclude Include="C:\dev\speckle-archicad\speckle-archicad\AddOns\Speckle\Sources\AddOn\Utils\GuidGenerator.h">
      <Filter>Utils</Filter>
    </ClInclude>
    <ClInclude Include="C:\dev\speckle-archicad\speckle-archicad\AddOns\Speckle\Sources\AddOn\Utils\ILogger.h">
      <Filter>Utils</Filter>
    </ClInclude>
    <ClInclude Include="C:\dev\speckle-archicad\speckle-archicad\AddOns\Speckle\Sources\AddOn\Utils\JsonFileWriter.h">
      <Filter>Utils</Filter>
    </ClInclude>
    <ClInclude Include="C:\dev\speckle-archicad\speckle-archicad\AddOns\Speckle\Sources\AddOn\Utils\Logger.h">
      <Filter>Utils</Filter>
    </ClInclude>
    <ClInclude Include="C:\dev\speckle-archicad\speckle-archicad\AddOns\Speckle\Sources\AddOn\Utils\LoggerFactory.h">
      <Filter>Utils</Filter>
    </ClInclude>
    <ClInclude Include="C:\dev\speckle-archicad\speckle-archicad\AddOns\Speckle\Sources\AddOn\Utils\Matrix_44.h">
      <Filter>Utils</Filter>
    </ClInclude>
    <ClInclude Include="C:\dev\speckle-archicad\speckle-archicad\AddOns\Speckle\Sources\AddOn\Utils\StopWatch.h">
      <Filter>Utils</Filter>
    </ClInclude>
    <ClInclude Include="C:\dev\speckle-archicad\speckle-archicad\AddOns\Speckle\Sources\AddOn\Utils\Units.h">
      <Filter>Utils</Filter>
    </ClInclude>
  </ItemGroup>
  <ItemGroup>
    <CustomBuild Include="C:\dev\speckle-archicad\speckle-archicad\AddOns\Speckle\CMakeLists.txt" />
  </ItemGroup>
  <ItemGroup>
    <Filter Include="AddOnMain">
      <UniqueIdentifier>{235451E3-7037-326D-9483-D5878FB73C20}</UniqueIdentifier>
    </Filter>
    <Filter Include="Browser">
      <UniqueIdentifier>{354F7AD3-0692-365B-84EC-1774DE13397A}</UniqueIdentifier>
    </Filter>
    <Filter Include="Connector">
      <UniqueIdentifier>{A2E18363-8420-3B3D-BCB8-09430D3C4261}</UniqueIdentifier>
    </Filter>
    <Filter Include="Connector\Bridges">
      <UniqueIdentifier>{4F10929B-7718-38EE-A8F2-DD17450CDD17}</UniqueIdentifier>
    </Filter>
    <Filter Include="Converter">
      <UniqueIdentifier>{1600AB9C-3630-3439-8DDE-FC7C94E5A8E7}</UniqueIdentifier>
    </Filter>
    <Filter Include="Converter\HostToSpeckle">
      <UniqueIdentifier>{60685118-2230-3B35-9559-29F825EDF2E8}</UniqueIdentifier>
    </Filter>
    <Filter Include="Converter\SpeckleToHost">
      <UniqueIdentifier>{570EF458-EE29-31C9-9B58-3025209D7800}</UniqueIdentifier>
    </Filter>
    <Filter Include="DataTypes">
      <UniqueIdentifier>{55D31A29-8700-3937-88BE-D2B3BCC57894}</UniqueIdentifier>
    </Filter>
    <Filter Include="Storage">
      <UniqueIdentifier>{24C0033A-DA14-3574-B4C4-2D3C8DE5C2F5}</UniqueIdentifier>
    </Filter>
    <Filter Include="Utils">
      <UniqueIdentifier>{31E9C2BC-1AA7-3886-82AA-2D7E7292FBD9}</UniqueIdentifier>
    </Filter>
  </ItemGroup>
</Project>
