
Microsoft Visual Studio Solution File, Format Version 12.00
# Visual Studio Version 17
Project("{2150E333-8FDC-42A3-9474-1A3956D46DE8}") = "CMakePredefinedTargets", "CMakePredefinedTargets", "{AC9DAD6E-42E5-3414-9FC9-EB1BF9313460}"
EndProject
Project("{2150E333-8FDC-42A3-9474-1A3956D46DE8}") = "Libs", "Libs", "{D99B8A30-1103-3E91-ADE9-F19B14404942}"
EndProject
Project("{8BC9CEB8-8B4A-11D0-8D11-00A0C91BC942}") = "ALL_BUILD", "ALL_BUILD.vcxproj", "{681CE81B-6CD7-39AB-A433-7ABA465847DE}"
	ProjectSection(ProjectDependencies) = postProject
		{F79FDF1C-3697-3637-8048-15F718F20AB0} = {F79FDF1C-3697-3637-8048-15F718F20AB0}
		{D3698AE4-C3F1-3A20-B4A8-B6D8268B70AC} = {D3698AE4-C3F1-3A20-B4A8-B6D8268B70AC}
	EndProjectSection
EndProject
Project("{8BC9CEB8-8B4A-11D0-8D11-00A0C91BC942}") = "RUN_TESTS", "RUN_TESTS.vcxproj", "{9A71F831-AA8F-389D-B210-26ABD687CFFF}"
	ProjectSection(ProjectDependencies) = postProject
		{F79FDF1C-3697-3637-8048-15F718F20AB0} = {F79FDF1C-3697-3637-8048-15F718F20AB0}
	EndProjectSection
EndProject
Project("{8BC9CEB8-8B4A-11D0-8D11-00A0C91BC942}") = "ZERO_CHECK", "..\..\\ZERO_CHECK.vcxproj", "{F79FDF1C-3697-3637-8048-15F718F20AB0}"
	ProjectSection(ProjectDependencies) = postProject
	EndProjectSection
EndProject
Project("{8BC9CEB8-8B4A-11D0-8D11-00A0C91BC942}") = "spdlog", "spdlog.vcxproj", "{D3698AE4-C3F1-3A20-B4A8-B6D8268B70AC}"
	ProjectSection(ProjectDependencies) = postProject
		{F79FDF1C-3697-3637-8048-15F718F20AB0} = {F79FDF1C-3697-3637-8048-15F718F20AB0}
	EndProjectSection
EndProject
Global
	GlobalSection(SolutionConfigurationPlatforms) = preSolution
		Debug|x64 = Debug|x64
		Release|x64 = Release|x64
		MinSizeRel|x64 = MinSizeRel|x64
		RelWithDebInfo|x64 = RelWithDebInfo|x64
	EndGlobalSection
	GlobalSection(ProjectConfigurationPlatforms) = postSolution
		{681CE81B-6CD7-39AB-A433-7ABA465847DE}.Debug|x64.ActiveCfg = Debug|x64
		{681CE81B-6CD7-39AB-A433-7ABA465847DE}.Release|x64.ActiveCfg = Release|x64
		{681CE81B-6CD7-39AB-A433-7ABA465847DE}.MinSizeRel|x64.ActiveCfg = MinSizeRel|x64
		{681CE81B-6CD7-39AB-A433-7ABA465847DE}.RelWithDebInfo|x64.ActiveCfg = RelWithDebInfo|x64
		{9A71F831-AA8F-389D-B210-26ABD687CFFF}.Debug|x64.ActiveCfg = Debug|x64
		{9A71F831-AA8F-389D-B210-26ABD687CFFF}.Release|x64.ActiveCfg = Release|x64
		{9A71F831-AA8F-389D-B210-26ABD687CFFF}.MinSizeRel|x64.ActiveCfg = MinSizeRel|x64
		{9A71F831-AA8F-389D-B210-26ABD687CFFF}.RelWithDebInfo|x64.ActiveCfg = RelWithDebInfo|x64
		{F79FDF1C-3697-3637-8048-15F718F20AB0}.Debug|x64.ActiveCfg = Debug|x64
		{F79FDF1C-3697-3637-8048-15F718F20AB0}.Debug|x64.Build.0 = Debug|x64
		{F79FDF1C-3697-3637-8048-15F718F20AB0}.Release|x64.ActiveCfg = Release|x64
		{F79FDF1C-3697-3637-8048-15F718F20AB0}.Release|x64.Build.0 = Release|x64
		{F79FDF1C-3697-3637-8048-15F718F20AB0}.MinSizeRel|x64.ActiveCfg = MinSizeRel|x64
		{F79FDF1C-3697-3637-8048-15F718F20AB0}.MinSizeRel|x64.Build.0 = MinSizeRel|x64
		{F79FDF1C-3697-3637-8048-15F718F20AB0}.RelWithDebInfo|x64.ActiveCfg = RelWithDebInfo|x64
		{F79FDF1C-3697-3637-8048-15F718F20AB0}.RelWithDebInfo|x64.Build.0 = RelWithDebInfo|x64
		{D3698AE4-C3F1-3A20-B4A8-B6D8268B70AC}.Debug|x64.ActiveCfg = Debug|x64
		{D3698AE4-C3F1-3A20-B4A8-B6D8268B70AC}.Debug|x64.Build.0 = Debug|x64
		{D3698AE4-C3F1-3A20-B4A8-B6D8268B70AC}.Release|x64.ActiveCfg = Release|x64
		{D3698AE4-C3F1-3A20-B4A8-B6D8268B70AC}.Release|x64.Build.0 = Release|x64
		{D3698AE4-C3F1-3A20-B4A8-B6D8268B70AC}.MinSizeRel|x64.ActiveCfg = MinSizeRel|x64
		{D3698AE4-C3F1-3A20-B4A8-B6D8268B70AC}.MinSizeRel|x64.Build.0 = MinSizeRel|x64
		{D3698AE4-C3F1-3A20-B4A8-B6D8268B70AC}.RelWithDebInfo|x64.ActiveCfg = RelWithDebInfo|x64
		{D3698AE4-C3F1-3A20-B4A8-B6D8268B70AC}.RelWithDebInfo|x64.Build.0 = RelWithDebInfo|x64
	EndGlobalSection
	GlobalSection(NestedProjects) = preSolution
		{681CE81B-6CD7-39AB-A433-7ABA465847DE} = {AC9DAD6E-42E5-3414-9FC9-EB1BF9313460}
		{9A71F831-AA8F-389D-B210-26ABD687CFFF} = {AC9DAD6E-42E5-3414-9FC9-EB1BF9313460}
		{F79FDF1C-3697-3637-8048-15F718F20AB0} = {AC9DAD6E-42E5-3414-9FC9-EB1BF9313460}
		{D3698AE4-C3F1-3A20-B4A8-B6D8268B70AC} = {D99B8A30-1103-3E91-ADE9-F19B14404942}
	EndGlobalSection
	GlobalSection(ExtensibilityGlobals) = postSolution
		SolutionGuid = {2579A9FE-080D-3889-9E5C-6E04D83B6146}
	EndGlobalSection
	GlobalSection(ExtensibilityAddIns) = postSolution
	EndGlobalSection
EndGlobal
